// !$*UTF8*$!
{
	archiveVersion = 1;
	classes = {
	};
	objectVersion = 50;
	objects = {

/* Begin PBXBuildFile section */
		AC1B4D1E24BFA5BE008DFB25 /* ClusterDetailsViewController.swift in Sources */ = {isa = PBXBuildFile; fileRef = AC1B4D1D24BFA5BE008DFB25 /* ClusterDetailsViewController.swift */; };
		D147F56A243A5B3D0075AA60 /* AppDelegate.swift in Sources */ = {isa = PBXBuildFile; fileRef = D147F569243A5B3D0075AA60 /* AppDelegate.swift */; };
		D147F56C243A5B3D0075AA60 /* SceneDelegate.swift in Sources */ = {isa = PBXBuildFile; fileRef = D147F56B243A5B3D0075AA60 /* SceneDelegate.swift */; };
		D147F56E243A5B3D0075AA60 /* ViewController.swift in Sources */ = {isa = PBXBuildFile; fileRef = D147F56D243A5B3D0075AA60 /* ViewController.swift */; };
		D147F571243A5B3D0075AA60 /* Main.storyboard in Resources */ = {isa = PBXBuildFile; fileRef = D147F56F243A5B3D0075AA60 /* Main.storyboard */; };
		D147F576243A5B400075AA60 /* Assets.xcassets in Resources */ = {isa = PBXBuildFile; fileRef = D147F575243A5B400075AA60 /* Assets.xcassets */; };
		D147F579243A5B400075AA60 /* LaunchScreen.storyboard in Resources */ = {isa = PBXBuildFile; fileRef = D147F577243A5B400075AA60 /* LaunchScreen.storyboard */; };
		D147F584243A5B400075AA60 /* Zipz_FrameworkTests.swift in Sources */ = {isa = PBXBuildFile; fileRef = D147F583243A5B400075AA60 /* Zipz_FrameworkTests.swift */; };
		D147F58F243A5B400075AA60 /* Zipz_FrameworkUITests.swift in Sources */ = {isa = PBXBuildFile; fileRef = D147F58E243A5B400075AA60 /* Zipz_FrameworkUITests.swift */; };
		D147F59D243A720E0075AA60 /* PermissionViewController.swift in Sources */ = {isa = PBXBuildFile; fileRef = D147F59C243A720E0075AA60 /* PermissionViewController.swift */; };
		D147F59F243A7E190075AA60 /* ClustersTableViewController.swift in Sources */ = {isa = PBXBuildFile; fileRef = D147F59E243A7E190075AA60 /* ClustersTableViewController.swift */; };
		D1A3B8EA24EADC2C00D2B0B8 /* ZipzSDK.framework in Frameworks */ = {isa = PBXBuildFile; fileRef = D1A3B8E124EADC2C00D2B0B8 /* ZipzSDK.framework */; };
		D1A3B8EF24EADC2C00D2B0B8 /* ZipzSDKTests.swift in Sources */ = {isa = PBXBuildFile; fileRef = D1A3B8EE24EADC2C00D2B0B8 /* ZipzSDKTests.swift */; };
		D1A3B8F124EADC2C00D2B0B8 /* ZipzSDK.h in Headers */ = {isa = PBXBuildFile; fileRef = D1A3B8E324EADC2C00D2B0B8 /* ZipzSDK.h */; settings = {ATTRIBUTES = (Public, ); }; };
		D1CEF12224E30AB600D12E7B /* ParameterEncoding.swift in Sources */ = {isa = PBXBuildFile; fileRef = D1CEF0E724E30AB600D12E7B /* ParameterEncoding.swift */; };
		D1CEF12324E30AB600D12E7B /* URLParameterEncoder.swift in Sources */ = {isa = PBXBuildFile; fileRef = D1CEF0E824E30AB600D12E7B /* URLParameterEncoder.swift */; };
		D1CEF12424E30AB600D12E7B /* JSONParameterEncoder.swift in Sources */ = {isa = PBXBuildFile; fileRef = D1CEF0E924E30AB600D12E7B /* JSONParameterEncoder.swift */; };
		D1CEF12524E30AB600D12E7B /* NetworkRouter.swift in Sources */ = {isa = PBXBuildFile; fileRef = D1CEF0EB24E30AB600D12E7B /* NetworkRouter.swift */; };
		D1CEF12624E30AB600D12E7B /* EndpointProtocol.swift in Sources */ = {isa = PBXBuildFile; fileRef = D1CEF0EC24E30AB600D12E7B /* EndpointProtocol.swift */; };
		D1CEF12724E30AB600D12E7B /* Router.swift in Sources */ = {isa = PBXBuildFile; fileRef = D1CEF0ED24E30AB600D12E7B /* Router.swift */; };
		D1CEF12824E30AB600D12E7B /* NetworkLogger.swift in Sources */ = {isa = PBXBuildFile; fileRef = D1CEF0EE24E30AB600D12E7B /* NetworkLogger.swift */; };
		D1CEF12924E30AB600D12E7B /* HTTPService.swift in Sources */ = {isa = PBXBuildFile; fileRef = D1CEF0EF24E30AB600D12E7B /* HTTPService.swift */; };
		D1CEF12A24E30AB600D12E7B /* APIStatus.swift in Sources */ = {isa = PBXBuildFile; fileRef = D1CEF0F124E30AB600D12E7B /* APIStatus.swift */; };
		D1CEF12B24E30AB600D12E7B /* APIError.swift in Sources */ = {isa = PBXBuildFile; fileRef = D1CEF0F224E30AB600D12E7B /* APIError.swift */; };
		D1CEF12C24E30AB600D12E7B /* QRCard.swift in Sources */ = {isa = PBXBuildFile; fileRef = D1CEF0F324E30AB600D12E7B /* QRCard.swift */; };
		D1CEF12D24E30AB600D12E7B /* APIData.swift in Sources */ = {isa = PBXBuildFile; fileRef = D1CEF0F424E30AB600D12E7B /* APIData.swift */; };
		D1CEF12E24E30AB600D12E7B /* Staff.swift in Sources */ = {isa = PBXBuildFile; fileRef = D1CEF0F524E30AB600D12E7B /* Staff.swift */; };
		D1CEF12F24E30AB600D12E7B /* APIUpdate.swift in Sources */ = {isa = PBXBuildFile; fileRef = D1CEF0F624E30AB600D12E7B /* APIUpdate.swift */; };
		D1CEF13124E30AB600D12E7B /* APIResponse.swift in Sources */ = {isa = PBXBuildFile; fileRef = D1CEF0F824E30AB600D12E7B /* APIResponse.swift */; };
		D1CEF13224E30AB600D12E7B /* APIToken.swift in Sources */ = {isa = PBXBuildFile; fileRef = D1CEF0F924E30AB600D12E7B /* APIToken.swift */; };
		D1CEF13324E30AB600D12E7B /* SavedDefaults.swift in Sources */ = {isa = PBXBuildFile; fileRef = D1CEF0FB24E30AB600D12E7B /* SavedDefaults.swift */; };
		D1CEF13424E30AB600D12E7B /* Debug.swift in Sources */ = {isa = PBXBuildFile; fileRef = D1CEF0FC24E30AB600D12E7B /* Debug.swift */; };
		D1CEF13524E30AB600D12E7B /* Device.swift in Sources */ = {isa = PBXBuildFile; fileRef = D1CEF0FD24E30AB600D12E7B /* Device.swift */; };
		D1CEF13624E30AB600D12E7B /* Helper.swift in Sources */ = {isa = PBXBuildFile; fileRef = D1CEF0FE24E30AB600D12E7B /* Helper.swift */; };
		D1CEF13724E30AB600D12E7B /* User+Extension.swift in Sources */ = {isa = PBXBuildFile; fileRef = D1CEF10124E30AB600D12E7B /* User+Extension.swift */; };
		D1CEF13824E30AB600D12E7B /* Offer.swift in Sources */ = {isa = PBXBuildFile; fileRef = D1CEF10224E30AB600D12E7B /* Offer.swift */; };
		D1CEF13924E30AB600D12E7B /* City+Extension.swift in Sources */ = {isa = PBXBuildFile; fileRef = D1CEF10324E30AB600D12E7B /* City+Extension.swift */; };
		D1CEF13A24E30AB600D12E7B /* City.swift in Sources */ = {isa = PBXBuildFile; fileRef = D1CEF10424E30AB600D12E7B /* City.swift */; };
		D1CEF13B24E30AB600D12E7B /* Venue.swift in Sources */ = {isa = PBXBuildFile; fileRef = D1CEF10524E30AB600D12E7B /* Venue.swift */; };
		D1CEF13C24E30AB600D12E7B /* Transaction+Extension.swift in Sources */ = {isa = PBXBuildFile; fileRef = D1CEF10624E30AB600D12E7B /* Transaction+Extension.swift */; };
		D1CEF13D24E30AB600D12E7B /* State+Extension.swift in Sources */ = {isa = PBXBuildFile; fileRef = D1CEF10724E30AB600D12E7B /* State+Extension.swift */; };
		D1CEF13F24E30AB600D12E7B /* State.swift in Sources */ = {isa = PBXBuildFile; fileRef = D1CEF10924E30AB600D12E7B /* State.swift */; };
		D1CEF14024E30AB600D12E7B /* User.swift in Sources */ = {isa = PBXBuildFile; fileRef = D1CEF10A24E30AB600D12E7B /* User.swift */; };
		D1CEF14124E30AB600D12E7B /* Offer+Extension.swift in Sources */ = {isa = PBXBuildFile; fileRef = D1CEF10B24E30AB600D12E7B /* Offer+Extension.swift */; };
		D1CEF14224E30AB600D12E7B /* Hours.swift in Sources */ = {isa = PBXBuildFile; fileRef = D1CEF10C24E30AB600D12E7B /* Hours.swift */; };
		D1CEF14324E30AB600D12E7B /* Cluster+Extension.swift in Sources */ = {isa = PBXBuildFile; fileRef = D1CEF10D24E30AB600D12E7B /* Cluster+Extension.swift */; };
		D1CEF14424E30AB600D12E7B /* Category+Extension.swift in Sources */ = {isa = PBXBuildFile; fileRef = D1CEF10E24E30AB600D12E7B /* Category+Extension.swift */; };
		D1CEF14524E30AB600D12E7B /* Category.swift in Sources */ = {isa = PBXBuildFile; fileRef = D1CEF10F24E30AB600D12E7B /* Category.swift */; };
		D1CEF14624E30AB600D12E7B /* Transaction.swift in Sources */ = {isa = PBXBuildFile; fileRef = D1CEF11024E30AB600D12E7B /* Transaction.swift */; };
		D1CEF14724E30AB600D12E7B /* Venue+Extension.swift in Sources */ = {isa = PBXBuildFile; fileRef = D1CEF11124E30AB600D12E7B /* Venue+Extension.swift */; };
		D1CEF14824E30AB600D12E7B /* Cluster.swift in Sources */ = {isa = PBXBuildFile; fileRef = D1CEF11224E30AB600D12E7B /* Cluster.swift */; };
		D1CEF14924E30AB600D12E7B /* ZipzDatabase.swift in Sources */ = {isa = PBXBuildFile; fileRef = D1CEF11324E30AB600D12E7B /* ZipzDatabase.swift */; };
		D1CEF14A24E30AB600D12E7B /* Zipz_Framework.xcdatamodeld in Sources */ = {isa = PBXBuildFile; fileRef = D1CEF11424E30AB600D12E7B /* Zipz_Framework.xcdatamodeld */; };
		D1CEF14B24E30AB600D12E7B /* AppEndpoint.swift in Sources */ = {isa = PBXBuildFile; fileRef = D1CEF11824E30AB600D12E7B /* AppEndpoint.swift */; };
		D1CEF14C24E30AB600D12E7B /* AuthEndpoint.swift in Sources */ = {isa = PBXBuildFile; fileRef = D1CEF11924E30AB600D12E7B /* AuthEndpoint.swift */; };
		D1CEF14D24E30AB600D12E7B /* ZipzTransactions.swift in Sources */ = {isa = PBXBuildFile; fileRef = D1CEF11B24E30AB600D12E7B /* ZipzTransactions.swift */; };
		D1CEF14E24E30AB600D12E7B /* ZipzVenues.swift in Sources */ = {isa = PBXBuildFile; fileRef = D1CEF11C24E30AB600D12E7B /* ZipzVenues.swift */; };
		D1CEF14F24E30AB600D12E7B /* ZipzOffers.swift in Sources */ = {isa = PBXBuildFile; fileRef = D1CEF11D24E30AB600D12E7B /* ZipzOffers.swift */; };
		D1CEF15024E30AB600D12E7B /* ZipzAuth.swift in Sources */ = {isa = PBXBuildFile; fileRef = D1CEF11E24E30AB600D12E7B /* ZipzAuth.swift */; };
		D1CEF15124E30AB600D12E7B /* ZipzClusters.swift in Sources */ = {isa = PBXBuildFile; fileRef = D1CEF11F24E30AB600D12E7B /* ZipzClusters.swift */; };
		D1CEF15224E30AB600D12E7B /* ZipzSDK.swift in Sources */ = {isa = PBXBuildFile; fileRef = D1CEF12024E30AB600D12E7B /* ZipzSDK.swift */; };
		D1CEF15324E30AB600D12E7B /* APIManager.swift in Sources */ = {isa = PBXBuildFile; fileRef = D1CEF12124E30AB600D12E7B /* APIManager.swift */; };
/* End PBXBuildFile section */

/* Begin PBXContainerItemProxy section */
		D147F580243A5B400075AA60 /* PBXContainerItemProxy */ = {
			isa = PBXContainerItemProxy;
			containerPortal = D147F55E243A5B3D0075AA60 /* Project object */;
			proxyType = 1;
			remoteGlobalIDString = D147F565243A5B3D0075AA60;
			remoteInfo = "Zipz Framework";
		};
		D147F58B243A5B400075AA60 /* PBXContainerItemProxy */ = {
			isa = PBXContainerItemProxy;
			containerPortal = D147F55E243A5B3D0075AA60 /* Project object */;
			proxyType = 1;
			remoteGlobalIDString = D147F565243A5B3D0075AA60;
			remoteInfo = "Zipz Framework";
		};
		D1A3B8EB24EADC2C00D2B0B8 /* PBXContainerItemProxy */ = {
			isa = PBXContainerItemProxy;
			containerPortal = D147F55E243A5B3D0075AA60 /* Project object */;
			proxyType = 1;
			remoteGlobalIDString = D1A3B8E024EADC2C00D2B0B8;
			remoteInfo = ZipzSDK;
		};
/* End PBXContainerItemProxy section */

/* Begin PBXFileReference section */
		AC1B4D1D24BFA5BE008DFB25 /* ClusterDetailsViewController.swift */ = {isa = PBXFileReference; lastKnownFileType = sourcecode.swift; path = ClusterDetailsViewController.swift; sourceTree = "<group>"; };
		D147F566243A5B3D0075AA60 /* Zipz Framework.app */ = {isa = PBXFileReference; explicitFileType = wrapper.application; includeInIndex = 0; path = "Zipz Framework.app"; sourceTree = BUILT_PRODUCTS_DIR; };
		D147F569243A5B3D0075AA60 /* AppDelegate.swift */ = {isa = PBXFileReference; lastKnownFileType = sourcecode.swift; path = AppDelegate.swift; sourceTree = "<group>"; };
		D147F56B243A5B3D0075AA60 /* SceneDelegate.swift */ = {isa = PBXFileReference; lastKnownFileType = sourcecode.swift; path = SceneDelegate.swift; sourceTree = "<group>"; };
		D147F56D243A5B3D0075AA60 /* ViewController.swift */ = {isa = PBXFileReference; lastKnownFileType = sourcecode.swift; path = ViewController.swift; sourceTree = "<group>"; };
		D147F570243A5B3D0075AA60 /* Base */ = {isa = PBXFileReference; lastKnownFileType = file.storyboard; name = Base; path = Base.lproj/Main.storyboard; sourceTree = "<group>"; };
		D147F575243A5B400075AA60 /* Assets.xcassets */ = {isa = PBXFileReference; lastKnownFileType = folder.assetcatalog; path = Assets.xcassets; sourceTree = "<group>"; };
		D147F578243A5B400075AA60 /* Base */ = {isa = PBXFileReference; lastKnownFileType = file.storyboard; name = Base; path = Base.lproj/LaunchScreen.storyboard; sourceTree = "<group>"; };
		D147F57A243A5B400075AA60 /* Info.plist */ = {isa = PBXFileReference; lastKnownFileType = text.plist.xml; path = Info.plist; sourceTree = "<group>"; };
		D147F57F243A5B400075AA60 /* Zipz FrameworkTests.xctest */ = {isa = PBXFileReference; explicitFileType = wrapper.cfbundle; includeInIndex = 0; path = "Zipz FrameworkTests.xctest"; sourceTree = BUILT_PRODUCTS_DIR; };
		D147F583243A5B400075AA60 /* Zipz_FrameworkTests.swift */ = {isa = PBXFileReference; lastKnownFileType = sourcecode.swift; path = Zipz_FrameworkTests.swift; sourceTree = "<group>"; };
		D147F585243A5B400075AA60 /* Info.plist */ = {isa = PBXFileReference; lastKnownFileType = text.plist.xml; path = Info.plist; sourceTree = "<group>"; };
		D147F58A243A5B400075AA60 /* Zipz FrameworkUITests.xctest */ = {isa = PBXFileReference; explicitFileType = wrapper.cfbundle; includeInIndex = 0; path = "Zipz FrameworkUITests.xctest"; sourceTree = BUILT_PRODUCTS_DIR; };
		D147F58E243A5B400075AA60 /* Zipz_FrameworkUITests.swift */ = {isa = PBXFileReference; lastKnownFileType = sourcecode.swift; path = Zipz_FrameworkUITests.swift; sourceTree = "<group>"; };
		D147F590243A5B400075AA60 /* Info.plist */ = {isa = PBXFileReference; lastKnownFileType = text.plist.xml; path = Info.plist; sourceTree = "<group>"; };
		D147F59C243A720E0075AA60 /* PermissionViewController.swift */ = {isa = PBXFileReference; lastKnownFileType = sourcecode.swift; path = PermissionViewController.swift; sourceTree = "<group>"; };
		D147F59E243A7E190075AA60 /* ClustersTableViewController.swift */ = {isa = PBXFileReference; lastKnownFileType = sourcecode.swift; path = ClustersTableViewController.swift; sourceTree = "<group>"; };
		D1A3B8E124EADC2C00D2B0B8 /* ZipzSDK.framework */ = {isa = PBXFileReference; explicitFileType = wrapper.framework; includeInIndex = 0; path = ZipzSDK.framework; sourceTree = BUILT_PRODUCTS_DIR; };
		D1A3B8E324EADC2C00D2B0B8 /* ZipzSDK.h */ = {isa = PBXFileReference; lastKnownFileType = sourcecode.c.h; path = ZipzSDK.h; sourceTree = "<group>"; };
		D1A3B8E424EADC2C00D2B0B8 /* Info.plist */ = {isa = PBXFileReference; lastKnownFileType = text.plist.xml; path = Info.plist; sourceTree = "<group>"; };
		D1A3B8E924EADC2C00D2B0B8 /* ZipzSDKTests.xctest */ = {isa = PBXFileReference; explicitFileType = wrapper.cfbundle; includeInIndex = 0; path = ZipzSDKTests.xctest; sourceTree = BUILT_PRODUCTS_DIR; };
		D1A3B8EE24EADC2C00D2B0B8 /* ZipzSDKTests.swift */ = {isa = PBXFileReference; lastKnownFileType = sourcecode.swift; path = ZipzSDKTests.swift; sourceTree = "<group>"; };
		D1A3B8F024EADC2C00D2B0B8 /* Info.plist */ = {isa = PBXFileReference; lastKnownFileType = text.plist.xml; path = Info.plist; sourceTree = "<group>"; };
		D1CEF0E724E30AB600D12E7B /* ParameterEncoding.swift */ = {isa = PBXFileReference; fileEncoding = 4; lastKnownFileType = sourcecode.swift; path = ParameterEncoding.swift; sourceTree = "<group>"; };
		D1CEF0E824E30AB600D12E7B /* URLParameterEncoder.swift */ = {isa = PBXFileReference; fileEncoding = 4; lastKnownFileType = sourcecode.swift; path = URLParameterEncoder.swift; sourceTree = "<group>"; };
		D1CEF0E924E30AB600D12E7B /* JSONParameterEncoder.swift */ = {isa = PBXFileReference; fileEncoding = 4; lastKnownFileType = sourcecode.swift; path = JSONParameterEncoder.swift; sourceTree = "<group>"; };
		D1CEF0EB24E30AB600D12E7B /* NetworkRouter.swift */ = {isa = PBXFileReference; fileEncoding = 4; lastKnownFileType = sourcecode.swift; path = NetworkRouter.swift; sourceTree = "<group>"; };
		D1CEF0EC24E30AB600D12E7B /* EndpointProtocol.swift */ = {isa = PBXFileReference; fileEncoding = 4; lastKnownFileType = sourcecode.swift; path = EndpointProtocol.swift; sourceTree = "<group>"; };
		D1CEF0ED24E30AB600D12E7B /* Router.swift */ = {isa = PBXFileReference; fileEncoding = 4; lastKnownFileType = sourcecode.swift; path = Router.swift; sourceTree = "<group>"; };
		D1CEF0EE24E30AB600D12E7B /* NetworkLogger.swift */ = {isa = PBXFileReference; fileEncoding = 4; lastKnownFileType = sourcecode.swift; path = NetworkLogger.swift; sourceTree = "<group>"; };
		D1CEF0EF24E30AB600D12E7B /* HTTPService.swift */ = {isa = PBXFileReference; fileEncoding = 4; lastKnownFileType = sourcecode.swift; path = HTTPService.swift; sourceTree = "<group>"; };
		D1CEF0F124E30AB600D12E7B /* APIStatus.swift */ = {isa = PBXFileReference; fileEncoding = 4; lastKnownFileType = sourcecode.swift; path = APIStatus.swift; sourceTree = "<group>"; };
		D1CEF0F224E30AB600D12E7B /* APIError.swift */ = {isa = PBXFileReference; fileEncoding = 4; lastKnownFileType = sourcecode.swift; path = APIError.swift; sourceTree = "<group>"; };
		D1CEF0F324E30AB600D12E7B /* QRCard.swift */ = {isa = PBXFileReference; fileEncoding = 4; lastKnownFileType = sourcecode.swift; path = QRCard.swift; sourceTree = "<group>"; };
		D1CEF0F424E30AB600D12E7B /* APIData.swift */ = {isa = PBXFileReference; fileEncoding = 4; lastKnownFileType = sourcecode.swift; path = APIData.swift; sourceTree = "<group>"; };
		D1CEF0F524E30AB600D12E7B /* Staff.swift */ = {isa = PBXFileReference; fileEncoding = 4; lastKnownFileType = sourcecode.swift; path = Staff.swift; sourceTree = "<group>"; };
		D1CEF0F624E30AB600D12E7B /* APIUpdate.swift */ = {isa = PBXFileReference; fileEncoding = 4; lastKnownFileType = sourcecode.swift; path = APIUpdate.swift; sourceTree = "<group>"; };
		D1CEF0F824E30AB600D12E7B /* APIResponse.swift */ = {isa = PBXFileReference; fileEncoding = 4; lastKnownFileType = sourcecode.swift; path = APIResponse.swift; sourceTree = "<group>"; };
		D1CEF0F924E30AB600D12E7B /* APIToken.swift */ = {isa = PBXFileReference; fileEncoding = 4; lastKnownFileType = sourcecode.swift; path = APIToken.swift; sourceTree = "<group>"; };
		D1CEF0FB24E30AB600D12E7B /* SavedDefaults.swift */ = {isa = PBXFileReference; fileEncoding = 4; lastKnownFileType = sourcecode.swift; path = SavedDefaults.swift; sourceTree = "<group>"; };
		D1CEF0FC24E30AB600D12E7B /* Debug.swift */ = {isa = PBXFileReference; fileEncoding = 4; lastKnownFileType = sourcecode.swift; path = Debug.swift; sourceTree = "<group>"; };
		D1CEF0FD24E30AB600D12E7B /* Device.swift */ = {isa = PBXFileReference; fileEncoding = 4; lastKnownFileType = sourcecode.swift; path = Device.swift; sourceTree = "<group>"; };
		D1CEF0FE24E30AB600D12E7B /* Helper.swift */ = {isa = PBXFileReference; fileEncoding = 4; lastKnownFileType = sourcecode.swift; path = Helper.swift; sourceTree = "<group>"; };
		D1CEF10124E30AB600D12E7B /* User+Extension.swift */ = {isa = PBXFileReference; fileEncoding = 4; lastKnownFileType = sourcecode.swift; path = "User+Extension.swift"; sourceTree = "<group>"; };
		D1CEF10224E30AB600D12E7B /* Offer.swift */ = {isa = PBXFileReference; fileEncoding = 4; lastKnownFileType = sourcecode.swift; path = Offer.swift; sourceTree = "<group>"; };
		D1CEF10324E30AB600D12E7B /* City+Extension.swift */ = {isa = PBXFileReference; fileEncoding = 4; lastKnownFileType = sourcecode.swift; path = "City+Extension.swift"; sourceTree = "<group>"; };
		D1CEF10424E30AB600D12E7B /* City.swift */ = {isa = PBXFileReference; fileEncoding = 4; lastKnownFileType = sourcecode.swift; path = City.swift; sourceTree = "<group>"; };
		D1CEF10524E30AB600D12E7B /* Venue.swift */ = {isa = PBXFileReference; fileEncoding = 4; lastKnownFileType = sourcecode.swift; path = Venue.swift; sourceTree = "<group>"; };
		D1CEF10624E30AB600D12E7B /* Transaction+Extension.swift */ = {isa = PBXFileReference; fileEncoding = 4; lastKnownFileType = sourcecode.swift; path = "Transaction+Extension.swift"; sourceTree = "<group>"; };
		D1CEF10724E30AB600D12E7B /* State+Extension.swift */ = {isa = PBXFileReference; fileEncoding = 4; lastKnownFileType = sourcecode.swift; path = "State+Extension.swift"; sourceTree = "<group>"; };
		D1CEF10924E30AB600D12E7B /* State.swift */ = {isa = PBXFileReference; fileEncoding = 4; lastKnownFileType = sourcecode.swift; path = State.swift; sourceTree = "<group>"; };
		D1CEF10A24E30AB600D12E7B /* User.swift */ = {isa = PBXFileReference; fileEncoding = 4; lastKnownFileType = sourcecode.swift; path = User.swift; sourceTree = "<group>"; };
		D1CEF10B24E30AB600D12E7B /* Offer+Extension.swift */ = {isa = PBXFileReference; fileEncoding = 4; lastKnownFileType = sourcecode.swift; path = "Offer+Extension.swift"; sourceTree = "<group>"; };
		D1CEF10C24E30AB600D12E7B /* Hours.swift */ = {isa = PBXFileReference; fileEncoding = 4; lastKnownFileType = sourcecode.swift; path = Hours.swift; sourceTree = "<group>"; };
		D1CEF10D24E30AB600D12E7B /* Cluster+Extension.swift */ = {isa = PBXFileReference; fileEncoding = 4; lastKnownFileType = sourcecode.swift; path = "Cluster+Extension.swift"; sourceTree = "<group>"; };
		D1CEF10E24E30AB600D12E7B /* Category+Extension.swift */ = {isa = PBXFileReference; fileEncoding = 4; lastKnownFileType = sourcecode.swift; path = "Category+Extension.swift"; sourceTree = "<group>"; };
		D1CEF10F24E30AB600D12E7B /* Category.swift */ = {isa = PBXFileReference; fileEncoding = 4; lastKnownFileType = sourcecode.swift; path = Category.swift; sourceTree = "<group>"; };
		D1CEF11024E30AB600D12E7B /* Transaction.swift */ = {isa = PBXFileReference; fileEncoding = 4; lastKnownFileType = sourcecode.swift; path = Transaction.swift; sourceTree = "<group>"; };
		D1CEF11124E30AB600D12E7B /* Venue+Extension.swift */ = {isa = PBXFileReference; fileEncoding = 4; lastKnownFileType = sourcecode.swift; path = "Venue+Extension.swift"; sourceTree = "<group>"; };
		D1CEF11224E30AB600D12E7B /* Cluster.swift */ = {isa = PBXFileReference; fileEncoding = 4; lastKnownFileType = sourcecode.swift; path = Cluster.swift; sourceTree = "<group>"; };
		D1CEF11324E30AB600D12E7B /* ZipzDatabase.swift */ = {isa = PBXFileReference; fileEncoding = 4; lastKnownFileType = sourcecode.swift; path = ZipzDatabase.swift; sourceTree = "<group>"; };
		D1CEF11524E30AB600D12E7B /* Zipz_Framework.xcdatamodel */ = {isa = PBXFileReference; lastKnownFileType = wrapper.xcdatamodel; path = Zipz_Framework.xcdatamodel; sourceTree = "<group>"; };
		D1CEF11824E30AB600D12E7B /* AppEndpoint.swift */ = {isa = PBXFileReference; fileEncoding = 4; lastKnownFileType = sourcecode.swift; path = AppEndpoint.swift; sourceTree = "<group>"; };
		D1CEF11924E30AB600D12E7B /* AuthEndpoint.swift */ = {isa = PBXFileReference; fileEncoding = 4; lastKnownFileType = sourcecode.swift; path = AuthEndpoint.swift; sourceTree = "<group>"; };
		D1CEF11B24E30AB600D12E7B /* ZipzTransactions.swift */ = {isa = PBXFileReference; fileEncoding = 4; lastKnownFileType = sourcecode.swift; path = ZipzTransactions.swift; sourceTree = "<group>"; };
		D1CEF11C24E30AB600D12E7B /* ZipzVenues.swift */ = {isa = PBXFileReference; fileEncoding = 4; lastKnownFileType = sourcecode.swift; path = ZipzVenues.swift; sourceTree = "<group>"; };
		D1CEF11D24E30AB600D12E7B /* ZipzOffers.swift */ = {isa = PBXFileReference; fileEncoding = 4; lastKnownFileType = sourcecode.swift; path = ZipzOffers.swift; sourceTree = "<group>"; };
		D1CEF11E24E30AB600D12E7B /* ZipzAuth.swift */ = {isa = PBXFileReference; fileEncoding = 4; lastKnownFileType = sourcecode.swift; path = ZipzAuth.swift; sourceTree = "<group>"; };
		D1CEF11F24E30AB600D12E7B /* ZipzClusters.swift */ = {isa = PBXFileReference; fileEncoding = 4; lastKnownFileType = sourcecode.swift; path = ZipzClusters.swift; sourceTree = "<group>"; };
		D1CEF12024E30AB600D12E7B /* ZipzSDK.swift */ = {isa = PBXFileReference; fileEncoding = 4; lastKnownFileType = sourcecode.swift; path = ZipzSDK.swift; sourceTree = "<group>"; };
		D1CEF12124E30AB600D12E7B /* APIManager.swift */ = {isa = PBXFileReference; fileEncoding = 4; lastKnownFileType = sourcecode.swift; path = APIManager.swift; sourceTree = "<group>"; };
/* End PBXFileReference section */

/* Begin PBXFrameworksBuildPhase section */
		D147F563243A5B3D0075AA60 /* Frameworks */ = {
			isa = PBXFrameworksBuildPhase;
			buildActionMask = 2147483647;
			files = (
			);
			runOnlyForDeploymentPostprocessing = 0;
		};
		D147F57C243A5B400075AA60 /* Frameworks */ = {
			isa = PBXFrameworksBuildPhase;
			buildActionMask = 2147483647;
			files = (
			);
			runOnlyForDeploymentPostprocessing = 0;
		};
		D147F587243A5B400075AA60 /* Frameworks */ = {
			isa = PBXFrameworksBuildPhase;
			buildActionMask = 2147483647;
			files = (
			);
			runOnlyForDeploymentPostprocessing = 0;
		};
		D1A3B8DE24EADC2C00D2B0B8 /* Frameworks */ = {
			isa = PBXFrameworksBuildPhase;
			buildActionMask = 2147483647;
			files = (
			);
			runOnlyForDeploymentPostprocessing = 0;
		};
		D1A3B8E624EADC2C00D2B0B8 /* Frameworks */ = {
			isa = PBXFrameworksBuildPhase;
			buildActionMask = 2147483647;
			files = (
				D1A3B8EA24EADC2C00D2B0B8 /* ZipzSDK.framework in Frameworks */,
			);
			runOnlyForDeploymentPostprocessing = 0;
		};
/* End PBXFrameworksBuildPhase section */

/* Begin PBXGroup section */
		AC5A49842454940200A256C6 /* Resources */ = {
			isa = PBXGroup;
			children = (
				D147F575243A5B400075AA60 /* Assets.xcassets */,
				AC5A49852454940D00A256C6 /* Storyboards */,
			);
			path = Resources;
			sourceTree = "<group>";
		};
		AC5A49852454940D00A256C6 /* Storyboards */ = {
			isa = PBXGroup;
			children = (
				D147F56F243A5B3D0075AA60 /* Main.storyboard */,
				D147F577243A5B400075AA60 /* LaunchScreen.storyboard */,
			);
			path = Storyboards;
			sourceTree = "<group>";
		};
		D147F55D243A5B3D0075AA60 = {
			isa = PBXGroup;
			children = (
				D147F568243A5B3D0075AA60 /* Zipz Framework */,
				D147F582243A5B400075AA60 /* Zipz FrameworkTests */,
				D147F58D243A5B400075AA60 /* Zipz FrameworkUITests */,
				D1A3B8E224EADC2C00D2B0B8 /* ZipzSDK */,
				D1A3B8ED24EADC2C00D2B0B8 /* ZipzSDKTests */,
				D147F567243A5B3D0075AA60 /* Products */,
			);
			sourceTree = "<group>";
		};
		D147F567243A5B3D0075AA60 /* Products */ = {
			isa = PBXGroup;
			children = (
				D147F566243A5B3D0075AA60 /* Zipz Framework.app */,
				D147F57F243A5B400075AA60 /* Zipz FrameworkTests.xctest */,
				D147F58A243A5B400075AA60 /* Zipz FrameworkUITests.xctest */,
				D1A3B8E124EADC2C00D2B0B8 /* ZipzSDK.framework */,
				D1A3B8E924EADC2C00D2B0B8 /* ZipzSDKTests.xctest */,
			);
			name = Products;
			sourceTree = "<group>";
		};
		D147F568243A5B3D0075AA60 /* Zipz Framework */ = {
			isa = PBXGroup;
			children = (
				D147F569243A5B3D0075AA60 /* AppDelegate.swift */,
				D147F56B243A5B3D0075AA60 /* SceneDelegate.swift */,
				D147F56D243A5B3D0075AA60 /* ViewController.swift */,
				D147F59C243A720E0075AA60 /* PermissionViewController.swift */,
				D147F59E243A7E190075AA60 /* ClustersTableViewController.swift */,
				AC1B4D1D24BFA5BE008DFB25 /* ClusterDetailsViewController.swift */,
				D1CEF0E424E30AB600D12E7B /* Zipz SDK */,
				AC5A49842454940200A256C6 /* Resources */,
				D147F57A243A5B400075AA60 /* Info.plist */,
			);
			path = "Zipz Framework";
			sourceTree = "<group>";
		};
		D147F582243A5B400075AA60 /* Zipz FrameworkTests */ = {
			isa = PBXGroup;
			children = (
				D147F583243A5B400075AA60 /* Zipz_FrameworkTests.swift */,
				D147F585243A5B400075AA60 /* Info.plist */,
			);
			path = "Zipz FrameworkTests";
			sourceTree = "<group>";
		};
		D147F58D243A5B400075AA60 /* Zipz FrameworkUITests */ = {
			isa = PBXGroup;
			children = (
				D147F58E243A5B400075AA60 /* Zipz_FrameworkUITests.swift */,
				D147F590243A5B400075AA60 /* Info.plist */,
			);
			path = "Zipz FrameworkUITests";
			sourceTree = "<group>";
		};
		D1A3B8E224EADC2C00D2B0B8 /* ZipzSDK */ = {
			isa = PBXGroup;
			children = (
				D1A3B8E324EADC2C00D2B0B8 /* ZipzSDK.h */,
				D1A3B8E424EADC2C00D2B0B8 /* Info.plist */,
			);
			path = ZipzSDK;
			sourceTree = "<group>";
		};
		D1A3B8ED24EADC2C00D2B0B8 /* ZipzSDKTests */ = {
			isa = PBXGroup;
			children = (
				D1A3B8EE24EADC2C00D2B0B8 /* ZipzSDKTests.swift */,
				D1A3B8F024EADC2C00D2B0B8 /* Info.plist */,
			);
			path = ZipzSDKTests;
			sourceTree = "<group>";
		};
		D1CEF0E424E30AB600D12E7B /* Zipz SDK */ = {
			isa = PBXGroup;
			children = (
				D1CEF0FF24E30AB600D12E7B /* CoreData */,
				D1CEF0FA24E30AB600D12E7B /* API Util */,
				D1CEF0F024E30AB600D12E7B /* API Codable */,
				D1CEF11624E30AB600D12E7B /* API Bridge */,
				D1CEF0E524E30AB600D12E7B /* AWARequest */,
			);
			path = "Zipz SDK";
			sourceTree = "<group>";
		};
		D1CEF0E524E30AB600D12E7B /* AWARequest */ = {
			isa = PBXGroup;
			children = (
				D1CEF0E624E30AB600D12E7B /* Encoding */,
				D1CEF0EA24E30AB600D12E7B /* Service */,
			);
			path = AWARequest;
			sourceTree = "<group>";
		};
		D1CEF0E624E30AB600D12E7B /* Encoding */ = {
			isa = PBXGroup;
			children = (
				D1CEF0E724E30AB600D12E7B /* ParameterEncoding.swift */,
				D1CEF0E824E30AB600D12E7B /* URLParameterEncoder.swift */,
				D1CEF0E924E30AB600D12E7B /* JSONParameterEncoder.swift */,
			);
			path = Encoding;
			sourceTree = "<group>";
		};
		D1CEF0EA24E30AB600D12E7B /* Service */ = {
			isa = PBXGroup;
			children = (
				D1CEF0EB24E30AB600D12E7B /* NetworkRouter.swift */,
				D1CEF0EC24E30AB600D12E7B /* EndpointProtocol.swift */,
				D1CEF0ED24E30AB600D12E7B /* Router.swift */,
				D1CEF0EE24E30AB600D12E7B /* NetworkLogger.swift */,
				D1CEF0EF24E30AB600D12E7B /* HTTPService.swift */,
			);
			path = Service;
			sourceTree = "<group>";
		};
		D1CEF0F024E30AB600D12E7B /* API Codable */ = {
			isa = PBXGroup;
			children = (
				D1CEF0F124E30AB600D12E7B /* APIStatus.swift */,
				D1CEF0F224E30AB600D12E7B /* APIError.swift */,
				D1CEF0F324E30AB600D12E7B /* QRCard.swift */,
				D1CEF0F424E30AB600D12E7B /* APIData.swift */,
				D1CEF0F524E30AB600D12E7B /* Staff.swift */,
				D1CEF0F624E30AB600D12E7B /* APIUpdate.swift */,
				D1CEF0F824E30AB600D12E7B /* APIResponse.swift */,
				D1CEF0F924E30AB600D12E7B /* APIToken.swift */,
			);
			path = "API Codable";
			sourceTree = "<group>";
		};
		D1CEF0FA24E30AB600D12E7B /* API Util */ = {
			isa = PBXGroup;
			children = (
				D1CEF0FB24E30AB600D12E7B /* SavedDefaults.swift */,
				D1CEF0FC24E30AB600D12E7B /* Debug.swift */,
				D1CEF0FD24E30AB600D12E7B /* Device.swift */,
				D1CEF0FE24E30AB600D12E7B /* Helper.swift */,
			);
			path = "API Util";
			sourceTree = "<group>";
		};
		D1CEF0FF24E30AB600D12E7B /* CoreData */ = {
			isa = PBXGroup;
			children = (
				D1CEF10024E30AB600D12E7B /* Models */,
				D1CEF11324E30AB600D12E7B /* ZipzDatabase.swift */,
				D1CEF11424E30AB600D12E7B /* Zipz_Framework.xcdatamodeld */,
			);
			path = CoreData;
			sourceTree = "<group>";
		};
		D1CEF10024E30AB600D12E7B /* Models */ = {
			isa = PBXGroup;
			children = (
				D1CEF10F24E30AB600D12E7B /* Category.swift */,
				D1CEF10E24E30AB600D12E7B /* Category+Extension.swift */,
				D1CEF10424E30AB600D12E7B /* City.swift */,
				D1CEF10324E30AB600D12E7B /* City+Extension.swift */,
				D1CEF11224E30AB600D12E7B /* Cluster.swift */,
				D1CEF10D24E30AB600D12E7B /* Cluster+Extension.swift */,
				D1CEF10C24E30AB600D12E7B /* Hours.swift */,
				D1CEF10224E30AB600D12E7B /* Offer.swift */,
				D1CEF10B24E30AB600D12E7B /* Offer+Extension.swift */,
				D1CEF10924E30AB600D12E7B /* State.swift */,
				D1CEF10724E30AB600D12E7B /* State+Extension.swift */,
				D1CEF11024E30AB600D12E7B /* Transaction.swift */,
				D1CEF10624E30AB600D12E7B /* Transaction+Extension.swift */,
				D1CEF10A24E30AB600D12E7B /* User.swift */,
				D1CEF10124E30AB600D12E7B /* User+Extension.swift */,
				D1CEF10524E30AB600D12E7B /* Venue.swift */,
				D1CEF11124E30AB600D12E7B /* Venue+Extension.swift */,
			);
			path = Models;
			sourceTree = "<group>";
		};
		D1CEF11624E30AB600D12E7B /* API Bridge */ = {
			isa = PBXGroup;
			children = (
				D1CEF12124E30AB600D12E7B /* APIManager.swift */,
				D1CEF11724E30AB600D12E7B /* Endpoints */,
				D1CEF11A24E30AB600D12E7B /* App */,
			);
			path = "API Bridge";
			sourceTree = "<group>";
		};
		D1CEF11724E30AB600D12E7B /* Endpoints */ = {
			isa = PBXGroup;
			children = (
				D1CEF11824E30AB600D12E7B /* AppEndpoint.swift */,
				D1CEF11924E30AB600D12E7B /* AuthEndpoint.swift */,
			);
			path = Endpoints;
			sourceTree = "<group>";
		};
		D1CEF11A24E30AB600D12E7B /* App */ = {
			isa = PBXGroup;
			children = (
				D1CEF11B24E30AB600D12E7B /* ZipzTransactions.swift */,
				D1CEF11C24E30AB600D12E7B /* ZipzVenues.swift */,
				D1CEF11D24E30AB600D12E7B /* ZipzOffers.swift */,
				D1CEF11E24E30AB600D12E7B /* ZipzAuth.swift */,
				D1CEF11F24E30AB600D12E7B /* ZipzClusters.swift */,
				D1CEF12024E30AB600D12E7B /* ZipzSDK.swift */,
			);
			path = App;
			sourceTree = "<group>";
		};
/* End PBXGroup section */

/* Begin PBXHeadersBuildPhase section */
		D1A3B8DC24EADC2C00D2B0B8 /* Headers */ = {
			isa = PBXHeadersBuildPhase;
			buildActionMask = 2147483647;
			files = (
				D1A3B8F124EADC2C00D2B0B8 /* ZipzSDK.h in Headers */,
			);
			runOnlyForDeploymentPostprocessing = 0;
		};
/* End PBXHeadersBuildPhase section */

/* Begin PBXNativeTarget section */
		D147F565243A5B3D0075AA60 /* Zipz Framework */ = {
			isa = PBXNativeTarget;
			buildConfigurationList = D147F593243A5B400075AA60 /* Build configuration list for PBXNativeTarget "Zipz Framework" */;
			buildPhases = (
				D147F562243A5B3D0075AA60 /* Sources */,
				D147F563243A5B3D0075AA60 /* Frameworks */,
				D147F564243A5B3D0075AA60 /* Resources */,
			);
			buildRules = (
			);
			dependencies = (
			);
			name = "Zipz Framework";
			productName = "Zipz Framework";
			productReference = D147F566243A5B3D0075AA60 /* Zipz Framework.app */;
			productType = "com.apple.product-type.application";
		};
		D147F57E243A5B400075AA60 /* Zipz FrameworkTests */ = {
			isa = PBXNativeTarget;
			buildConfigurationList = D147F596243A5B400075AA60 /* Build configuration list for PBXNativeTarget "Zipz FrameworkTests" */;
			buildPhases = (
				D147F57B243A5B400075AA60 /* Sources */,
				D147F57C243A5B400075AA60 /* Frameworks */,
				D147F57D243A5B400075AA60 /* Resources */,
			);
			buildRules = (
			);
			dependencies = (
				D147F581243A5B400075AA60 /* PBXTargetDependency */,
			);
			name = "Zipz FrameworkTests";
			productName = "Zipz FrameworkTests";
			productReference = D147F57F243A5B400075AA60 /* Zipz FrameworkTests.xctest */;
			productType = "com.apple.product-type.bundle.unit-test";
		};
		D147F589243A5B400075AA60 /* Zipz FrameworkUITests */ = {
			isa = PBXNativeTarget;
			buildConfigurationList = D147F599243A5B400075AA60 /* Build configuration list for PBXNativeTarget "Zipz FrameworkUITests" */;
			buildPhases = (
				D147F586243A5B400075AA60 /* Sources */,
				D147F587243A5B400075AA60 /* Frameworks */,
				D147F588243A5B400075AA60 /* Resources */,
			);
			buildRules = (
			);
			dependencies = (
				D147F58C243A5B400075AA60 /* PBXTargetDependency */,
			);
			name = "Zipz FrameworkUITests";
			productName = "Zipz FrameworkUITests";
			productReference = D147F58A243A5B400075AA60 /* Zipz FrameworkUITests.xctest */;
			productType = "com.apple.product-type.bundle.ui-testing";
		};
		D1A3B8E024EADC2C00D2B0B8 /* ZipzSDK */ = {
			isa = PBXNativeTarget;
			buildConfigurationList = D1A3B8F224EADC2C00D2B0B8 /* Build configuration list for PBXNativeTarget "ZipzSDK" */;
			buildPhases = (
				D1A3B8DC24EADC2C00D2B0B8 /* Headers */,
				D1A3B8DD24EADC2C00D2B0B8 /* Sources */,
				D1A3B8DE24EADC2C00D2B0B8 /* Frameworks */,
				D1A3B8DF24EADC2C00D2B0B8 /* Resources */,
			);
			buildRules = (
			);
			dependencies = (
			);
			name = ZipzSDK;
			productName = ZipzSDK;
			productReference = D1A3B8E124EADC2C00D2B0B8 /* ZipzSDK.framework */;
			productType = "com.apple.product-type.framework";
		};
		D1A3B8E824EADC2C00D2B0B8 /* ZipzSDKTests */ = {
			isa = PBXNativeTarget;
			buildConfigurationList = D1A3B8F524EADC2C00D2B0B8 /* Build configuration list for PBXNativeTarget "ZipzSDKTests" */;
			buildPhases = (
				D1A3B8E524EADC2C00D2B0B8 /* Sources */,
				D1A3B8E624EADC2C00D2B0B8 /* Frameworks */,
				D1A3B8E724EADC2C00D2B0B8 /* Resources */,
			);
			buildRules = (
			);
			dependencies = (
				D1A3B8EC24EADC2C00D2B0B8 /* PBXTargetDependency */,
			);
			name = ZipzSDKTests;
			productName = ZipzSDKTests;
			productReference = D1A3B8E924EADC2C00D2B0B8 /* ZipzSDKTests.xctest */;
			productType = "com.apple.product-type.bundle.unit-test";
		};
/* End PBXNativeTarget section */

/* Begin PBXProject section */
		D147F55E243A5B3D0075AA60 /* Project object */ = {
			isa = PBXProject;
			attributes = {
				LastSwiftUpdateCheck = 1160;
				LastUpgradeCheck = 1140;
				ORGANIZATIONNAME = Aware;
				TargetAttributes = {
					D147F565243A5B3D0075AA60 = {
						CreatedOnToolsVersion = 11.4;
					};
					D147F57E243A5B400075AA60 = {
						CreatedOnToolsVersion = 11.4;
						TestTargetID = D147F565243A5B3D0075AA60;
					};
					D147F589243A5B400075AA60 = {
						CreatedOnToolsVersion = 11.4;
						TestTargetID = D147F565243A5B3D0075AA60;
					};
					D1A3B8E024EADC2C00D2B0B8 = {
						CreatedOnToolsVersion = 11.6;
					};
					D1A3B8E824EADC2C00D2B0B8 = {
						CreatedOnToolsVersion = 11.6;
					};
				};
			};
			buildConfigurationList = D147F561243A5B3D0075AA60 /* Build configuration list for PBXProject "Zipz Framework" */;
			compatibilityVersion = "Xcode 9.3";
			developmentRegion = en;
			hasScannedForEncodings = 0;
			knownRegions = (
				en,
				Base,
			);
			mainGroup = D147F55D243A5B3D0075AA60;
			productRefGroup = D147F567243A5B3D0075AA60 /* Products */;
			projectDirPath = "";
			projectRoot = "";
			targets = (
				D147F565243A5B3D0075AA60 /* Zipz Framework */,
				D147F57E243A5B400075AA60 /* Zipz FrameworkTests */,
				D147F589243A5B400075AA60 /* Zipz FrameworkUITests */,
				D1A3B8E024EADC2C00D2B0B8 /* ZipzSDK */,
				D1A3B8E824EADC2C00D2B0B8 /* ZipzSDKTests */,
			);
		};
/* End PBXProject section */

/* Begin PBXResourcesBuildPhase section */
		D147F564243A5B3D0075AA60 /* Resources */ = {
			isa = PBXResourcesBuildPhase;
			buildActionMask = 2147483647;
			files = (
				D147F579243A5B400075AA60 /* LaunchScreen.storyboard in Resources */,
				D147F576243A5B400075AA60 /* Assets.xcassets in Resources */,
				D147F571243A5B3D0075AA60 /* Main.storyboard in Resources */,
			);
			runOnlyForDeploymentPostprocessing = 0;
		};
		D147F57D243A5B400075AA60 /* Resources */ = {
			isa = PBXResourcesBuildPhase;
			buildActionMask = 2147483647;
			files = (
			);
			runOnlyForDeploymentPostprocessing = 0;
		};
		D147F588243A5B400075AA60 /* Resources */ = {
			isa = PBXResourcesBuildPhase;
			buildActionMask = 2147483647;
			files = (
			);
			runOnlyForDeploymentPostprocessing = 0;
		};
		D1A3B8DF24EADC2C00D2B0B8 /* Resources */ = {
			isa = PBXResourcesBuildPhase;
			buildActionMask = 2147483647;
			files = (
			);
			runOnlyForDeploymentPostprocessing = 0;
		};
		D1A3B8E724EADC2C00D2B0B8 /* Resources */ = {
			isa = PBXResourcesBuildPhase;
			buildActionMask = 2147483647;
			files = (
			);
			runOnlyForDeploymentPostprocessing = 0;
		};
/* End PBXResourcesBuildPhase section */

/* Begin PBXSourcesBuildPhase section */
		D147F562243A5B3D0075AA60 /* Sources */ = {
			isa = PBXSourcesBuildPhase;
			buildActionMask = 2147483647;
			files = (
				D1CEF12324E30AB600D12E7B /* URLParameterEncoder.swift in Sources */,
				D1CEF14224E30AB600D12E7B /* Hours.swift in Sources */,
				D1CEF13D24E30AB600D12E7B /* State+Extension.swift in Sources */,
				D1CEF12224E30AB600D12E7B /* ParameterEncoding.swift in Sources */,
				D147F56E243A5B3D0075AA60 /* ViewController.swift in Sources */,
				D1CEF12C24E30AB600D12E7B /* QRCard.swift in Sources */,
				D147F56A243A5B3D0075AA60 /* AppDelegate.swift in Sources */,
				D1CEF13624E30AB600D12E7B /* Helper.swift in Sources */,
				D1CEF14C24E30AB600D12E7B /* AuthEndpoint.swift in Sources */,
				D1CEF14424E30AB600D12E7B /* Category+Extension.swift in Sources */,
				D1CEF13124E30AB600D12E7B /* APIResponse.swift in Sources */,
				D1CEF14624E30AB600D12E7B /* Transaction.swift in Sources */,
				D1CEF13C24E30AB600D12E7B /* Transaction+Extension.swift in Sources */,
				D1CEF13824E30AB600D12E7B /* Offer.swift in Sources */,
				D1CEF14D24E30AB600D12E7B /* ZipzTransactions.swift in Sources */,
				D1CEF14B24E30AB600D12E7B /* AppEndpoint.swift in Sources */,
				D1CEF14324E30AB600D12E7B /* Cluster+Extension.swift in Sources */,
				D1CEF12724E30AB600D12E7B /* Router.swift in Sources */,
				D1CEF13B24E30AB600D12E7B /* Venue.swift in Sources */,
				D1CEF12924E30AB600D12E7B /* HTTPService.swift in Sources */,
				D1CEF13224E30AB600D12E7B /* APIToken.swift in Sources */,
				D1CEF13324E30AB600D12E7B /* SavedDefaults.swift in Sources */,
				D1CEF14124E30AB600D12E7B /* Offer+Extension.swift in Sources */,
				D1CEF12F24E30AB600D12E7B /* APIUpdate.swift in Sources */,
				D1CEF12824E30AB600D12E7B /* NetworkLogger.swift in Sources */,
				D147F56C243A5B3D0075AA60 /* SceneDelegate.swift in Sources */,
				D1CEF13524E30AB600D12E7B /* Device.swift in Sources */,
				D1CEF12424E30AB600D12E7B /* JSONParameterEncoder.swift in Sources */,
				D1CEF12624E30AB600D12E7B /* EndpointProtocol.swift in Sources */,
				D1CEF14724E30AB600D12E7B /* Venue+Extension.swift in Sources */,
				D147F59D243A720E0075AA60 /* PermissionViewController.swift in Sources */,
				D1CEF14E24E30AB600D12E7B /* ZipzVenues.swift in Sources */,
				D1CEF14024E30AB600D12E7B /* User.swift in Sources */,
				D1CEF13F24E30AB600D12E7B /* State.swift in Sources */,
				D1CEF12D24E30AB600D12E7B /* APIData.swift in Sources */,
				D1CEF14F24E30AB600D12E7B /* ZipzOffers.swift in Sources */,
				D1CEF14A24E30AB600D12E7B /* Zipz_Framework.xcdatamodeld in Sources */,
				D1CEF12E24E30AB600D12E7B /* Staff.swift in Sources */,
				D1CEF13A24E30AB600D12E7B /* City.swift in Sources */,
				D1CEF15124E30AB600D12E7B /* ZipzClusters.swift in Sources */,
				D1CEF12524E30AB600D12E7B /* NetworkRouter.swift in Sources */,
				AC1B4D1E24BFA5BE008DFB25 /* ClusterDetailsViewController.swift in Sources */,
				D1CEF13924E30AB600D12E7B /* City+Extension.swift in Sources */,
				D1CEF13424E30AB600D12E7B /* Debug.swift in Sources */,
				D1CEF15024E30AB600D12E7B /* ZipzAuth.swift in Sources */,
				D1CEF12B24E30AB600D12E7B /* APIError.swift in Sources */,
				D1CEF15324E30AB600D12E7B /* APIManager.swift in Sources */,
				D1CEF14924E30AB600D12E7B /* ZipzDatabase.swift in Sources */,
				D147F59F243A7E190075AA60 /* ClustersTableViewController.swift in Sources */,
				D1CEF13724E30AB600D12E7B /* User+Extension.swift in Sources */,
				D1CEF12A24E30AB600D12E7B /* APIStatus.swift in Sources */,
				D1CEF14524E30AB600D12E7B /* Category.swift in Sources */,
				D1CEF15224E30AB600D12E7B /* ZipzSDK.swift in Sources */,
				D1CEF14824E30AB600D12E7B /* Cluster.swift in Sources */,
			);
			runOnlyForDeploymentPostprocessing = 0;
		};
		D147F57B243A5B400075AA60 /* Sources */ = {
			isa = PBXSourcesBuildPhase;
			buildActionMask = 2147483647;
			files = (
				D147F584243A5B400075AA60 /* Zipz_FrameworkTests.swift in Sources */,
			);
			runOnlyForDeploymentPostprocessing = 0;
		};
		D147F586243A5B400075AA60 /* Sources */ = {
			isa = PBXSourcesBuildPhase;
			buildActionMask = 2147483647;
			files = (
				D147F58F243A5B400075AA60 /* Zipz_FrameworkUITests.swift in Sources */,
			);
			runOnlyForDeploymentPostprocessing = 0;
		};
		D1A3B8DD24EADC2C00D2B0B8 /* Sources */ = {
			isa = PBXSourcesBuildPhase;
			buildActionMask = 2147483647;
			files = (
			);
			runOnlyForDeploymentPostprocessing = 0;
		};
		D1A3B8E524EADC2C00D2B0B8 /* Sources */ = {
			isa = PBXSourcesBuildPhase;
			buildActionMask = 2147483647;
			files = (
				D1A3B8EF24EADC2C00D2B0B8 /* ZipzSDKTests.swift in Sources */,
			);
			runOnlyForDeploymentPostprocessing = 0;
		};
/* End PBXSourcesBuildPhase section */

/* Begin PBXTargetDependency section */
		D147F581243A5B400075AA60 /* PBXTargetDependency */ = {
			isa = PBXTargetDependency;
			target = D147F565243A5B3D0075AA60 /* Zipz Framework */;
			targetProxy = D147F580243A5B400075AA60 /* PBXContainerItemProxy */;
		};
		D147F58C243A5B400075AA60 /* PBXTargetDependency */ = {
			isa = PBXTargetDependency;
			target = D147F565243A5B3D0075AA60 /* Zipz Framework */;
			targetProxy = D147F58B243A5B400075AA60 /* PBXContainerItemProxy */;
		};
		D1A3B8EC24EADC2C00D2B0B8 /* PBXTargetDependency */ = {
			isa = PBXTargetDependency;
			target = D1A3B8E024EADC2C00D2B0B8 /* ZipzSDK */;
			targetProxy = D1A3B8EB24EADC2C00D2B0B8 /* PBXContainerItemProxy */;
		};
/* End PBXTargetDependency section */

/* Begin PBXVariantGroup section */
		D147F56F243A5B3D0075AA60 /* Main.storyboard */ = {
			isa = PBXVariantGroup;
			children = (
				D147F570243A5B3D0075AA60 /* Base */,
			);
			name = Main.storyboard;
			sourceTree = "<group>";
		};
		D147F577243A5B400075AA60 /* LaunchScreen.storyboard */ = {
			isa = PBXVariantGroup;
			children = (
				D147F578243A5B400075AA60 /* Base */,
			);
			name = LaunchScreen.storyboard;
			sourceTree = "<group>";
		};
/* End PBXVariantGroup section */

/* Begin XCBuildConfiguration section */
		D147F591243A5B400075AA60 /* Debug */ = {
			isa = XCBuildConfiguration;
			buildSettings = {
				ALWAYS_SEARCH_USER_PATHS = NO;
				CLANG_ANALYZER_NONNULL = YES;
				CLANG_ANALYZER_NUMBER_OBJECT_CONVERSION = YES_AGGRESSIVE;
				CLANG_CXX_LANGUAGE_STANDARD = "gnu++14";
				CLANG_CXX_LIBRARY = "libc++";
				CLANG_ENABLE_MODULES = YES;
				CLANG_ENABLE_OBJC_ARC = YES;
				CLANG_ENABLE_OBJC_WEAK = YES;
				CLANG_WARN_BLOCK_CAPTURE_AUTORELEASING = YES;
				CLANG_WARN_BOOL_CONVERSION = YES;
				CLANG_WARN_COMMA = YES;
				CLANG_WARN_CONSTANT_CONVERSION = YES;
				CLANG_WARN_DEPRECATED_OBJC_IMPLEMENTATIONS = YES;
				CLANG_WARN_DIRECT_OBJC_ISA_USAGE = YES_ERROR;
				CLANG_WARN_DOCUMENTATION_COMMENTS = YES;
				CLANG_WARN_EMPTY_BODY = YES;
				CLANG_WARN_ENUM_CONVERSION = YES;
				CLANG_WARN_INFINITE_RECURSION = YES;
				CLANG_WARN_INT_CONVERSION = YES;
				CLANG_WARN_NON_LITERAL_NULL_CONVERSION = YES;
				CLANG_WARN_OBJC_IMPLICIT_RETAIN_SELF = YES;
				CLANG_WARN_OBJC_LITERAL_CONVERSION = YES;
				CLANG_WARN_OBJC_ROOT_CLASS = YES_ERROR;
				CLANG_WARN_RANGE_LOOP_ANALYSIS = YES;
				CLANG_WARN_STRICT_PROTOTYPES = YES;
				CLANG_WARN_SUSPICIOUS_MOVE = YES;
				CLANG_WARN_UNGUARDED_AVAILABILITY = YES_AGGRESSIVE;
				CLANG_WARN_UNREACHABLE_CODE = YES;
				CLANG_WARN__DUPLICATE_METHOD_MATCH = YES;
				COPY_PHASE_STRIP = NO;
				DEBUG_INFORMATION_FORMAT = dwarf;
				ENABLE_STRICT_OBJC_MSGSEND = YES;
				ENABLE_TESTABILITY = YES;
				GCC_C_LANGUAGE_STANDARD = gnu11;
				GCC_DYNAMIC_NO_PIC = NO;
				GCC_NO_COMMON_BLOCKS = YES;
				GCC_OPTIMIZATION_LEVEL = 0;
				GCC_PREPROCESSOR_DEFINITIONS = (
					"DEBUG=1",
					"$(inherited)",
				);
				GCC_WARN_64_TO_32_BIT_CONVERSION = YES;
				GCC_WARN_ABOUT_RETURN_TYPE = YES_ERROR;
				GCC_WARN_UNDECLARED_SELECTOR = YES;
				GCC_WARN_UNINITIALIZED_AUTOS = YES_AGGRESSIVE;
				GCC_WARN_UNUSED_FUNCTION = YES;
				GCC_WARN_UNUSED_VARIABLE = YES;
				IPHONEOS_DEPLOYMENT_TARGET = 12.4;
				MTL_ENABLE_DEBUG_INFO = INCLUDE_SOURCE;
				MTL_FAST_MATH = YES;
				ONLY_ACTIVE_ARCH = YES;
				SDKROOT = iphoneos;
				SWIFT_ACTIVE_COMPILATION_CONDITIONS = DEBUG;
				SWIFT_OPTIMIZATION_LEVEL = "-Onone";
			};
			name = Debug;
		};
		D147F592243A5B400075AA60 /* Release */ = {
			isa = XCBuildConfiguration;
			buildSettings = {
				ALWAYS_SEARCH_USER_PATHS = NO;
				CLANG_ANALYZER_NONNULL = YES;
				CLANG_ANALYZER_NUMBER_OBJECT_CONVERSION = YES_AGGRESSIVE;
				CLANG_CXX_LANGUAGE_STANDARD = "gnu++14";
				CLANG_CXX_LIBRARY = "libc++";
				CLANG_ENABLE_MODULES = YES;
				CLANG_ENABLE_OBJC_ARC = YES;
				CLANG_ENABLE_OBJC_WEAK = YES;
				CLANG_WARN_BLOCK_CAPTURE_AUTORELEASING = YES;
				CLANG_WARN_BOOL_CONVERSION = YES;
				CLANG_WARN_COMMA = YES;
				CLANG_WARN_CONSTANT_CONVERSION = YES;
				CLANG_WARN_DEPRECATED_OBJC_IMPLEMENTATIONS = YES;
				CLANG_WARN_DIRECT_OBJC_ISA_USAGE = YES_ERROR;
				CLANG_WARN_DOCUMENTATION_COMMENTS = YES;
				CLANG_WARN_EMPTY_BODY = YES;
				CLANG_WARN_ENUM_CONVERSION = YES;
				CLANG_WARN_INFINITE_RECURSION = YES;
				CLANG_WARN_INT_CONVERSION = YES;
				CLANG_WARN_NON_LITERAL_NULL_CONVERSION = YES;
				CLANG_WARN_OBJC_IMPLICIT_RETAIN_SELF = YES;
				CLANG_WARN_OBJC_LITERAL_CONVERSION = YES;
				CLANG_WARN_OBJC_ROOT_CLASS = YES_ERROR;
				CLANG_WARN_RANGE_LOOP_ANALYSIS = YES;
				CLANG_WARN_STRICT_PROTOTYPES = YES;
				CLANG_WARN_SUSPICIOUS_MOVE = YES;
				CLANG_WARN_UNGUARDED_AVAILABILITY = YES_AGGRESSIVE;
				CLANG_WARN_UNREACHABLE_CODE = YES;
				CLANG_WARN__DUPLICATE_METHOD_MATCH = YES;
				COPY_PHASE_STRIP = NO;
				DEBUG_INFORMATION_FORMAT = "dwarf-with-dsym";
				ENABLE_NS_ASSERTIONS = NO;
				ENABLE_STRICT_OBJC_MSGSEND = YES;
				GCC_C_LANGUAGE_STANDARD = gnu11;
				GCC_NO_COMMON_BLOCKS = YES;
				GCC_WARN_64_TO_32_BIT_CONVERSION = YES;
				GCC_WARN_ABOUT_RETURN_TYPE = YES_ERROR;
				GCC_WARN_UNDECLARED_SELECTOR = YES;
				GCC_WARN_UNINITIALIZED_AUTOS = YES_AGGRESSIVE;
				GCC_WARN_UNUSED_FUNCTION = YES;
				GCC_WARN_UNUSED_VARIABLE = YES;
				IPHONEOS_DEPLOYMENT_TARGET = 12.4;
				MTL_ENABLE_DEBUG_INFO = NO;
				MTL_FAST_MATH = YES;
				SDKROOT = iphoneos;
				SWIFT_COMPILATION_MODE = wholemodule;
				SWIFT_OPTIMIZATION_LEVEL = "-O";
				VALIDATE_PRODUCT = YES;
			};
			name = Release;
		};
		D147F594243A5B400075AA60 /* Debug */ = {
			isa = XCBuildConfiguration;
			buildSettings = {
				ASSETCATALOG_COMPILER_APPICON_NAME = AppIcon;
				CODE_SIGN_STYLE = Automatic;
				DEVELOPMENT_TEAM = 2W4R999L7M;
				INFOPLIST_FILE = "Zipz Framework/Info.plist";
				IPHONEOS_DEPLOYMENT_TARGET = 12.4;
				LD_RUNPATH_SEARCH_PATHS = (
					"$(inherited)",
					"@executable_path/Frameworks",
				);
				PRODUCT_BUNDLE_IDENTIFIER = app.zipz.framework;
				PRODUCT_NAME = "$(TARGET_NAME)";
				SWIFT_VERSION = 5.0;
				TARGETED_DEVICE_FAMILY = 1;
			};
			name = Debug;
		};
		D147F595243A5B400075AA60 /* Release */ = {
			isa = XCBuildConfiguration;
			buildSettings = {
				ASSETCATALOG_COMPILER_APPICON_NAME = AppIcon;
				CODE_SIGN_STYLE = Automatic;
				DEVELOPMENT_TEAM = 2W4R999L7M;
				INFOPLIST_FILE = "Zipz Framework/Info.plist";
				IPHONEOS_DEPLOYMENT_TARGET = 12.4;
				LD_RUNPATH_SEARCH_PATHS = (
					"$(inherited)",
					"@executable_path/Frameworks",
				);
				PRODUCT_BUNDLE_IDENTIFIER = app.zipz.framework;
				PRODUCT_NAME = "$(TARGET_NAME)";
				SWIFT_VERSION = 5.0;
				TARGETED_DEVICE_FAMILY = 1;
			};
			name = Release;
		};
		D147F597243A5B400075AA60 /* Debug */ = {
			isa = XCBuildConfiguration;
			buildSettings = {
				ALWAYS_EMBED_SWIFT_STANDARD_LIBRARIES = YES;
				BUNDLE_LOADER = "$(TEST_HOST)";
				CODE_SIGN_STYLE = Automatic;
				DEVELOPMENT_TEAM = 2UB568EY4Y;
				INFOPLIST_FILE = "Zipz FrameworkTests/Info.plist";
				IPHONEOS_DEPLOYMENT_TARGET = 13.4;
				LD_RUNPATH_SEARCH_PATHS = (
					"$(inherited)",
					"@executable_path/Frameworks",
					"@loader_path/Frameworks",
				);
				PRODUCT_BUNDLE_IDENTIFIER = "app.zipz.Zipz-FrameworkTests";
				PRODUCT_NAME = "$(TARGET_NAME)";
				SWIFT_VERSION = 5.0;
				TARGETED_DEVICE_FAMILY = "1,2";
				TEST_HOST = "$(BUILT_PRODUCTS_DIR)/Zipz Framework.app/Zipz Framework";
			};
			name = Debug;
		};
		D147F598243A5B400075AA60 /* Release */ = {
			isa = XCBuildConfiguration;
			buildSettings = {
				ALWAYS_EMBED_SWIFT_STANDARD_LIBRARIES = YES;
				BUNDLE_LOADER = "$(TEST_HOST)";
				CODE_SIGN_STYLE = Automatic;
				DEVELOPMENT_TEAM = 2UB568EY4Y;
				INFOPLIST_FILE = "Zipz FrameworkTests/Info.plist";
				IPHONEOS_DEPLOYMENT_TARGET = 13.4;
				LD_RUNPATH_SEARCH_PATHS = (
					"$(inherited)",
					"@executable_path/Frameworks",
					"@loader_path/Frameworks",
				);
				PRODUCT_BUNDLE_IDENTIFIER = "app.zipz.Zipz-FrameworkTests";
				PRODUCT_NAME = "$(TARGET_NAME)";
				SWIFT_VERSION = 5.0;
				TARGETED_DEVICE_FAMILY = "1,2";
				TEST_HOST = "$(BUILT_PRODUCTS_DIR)/Zipz Framework.app/Zipz Framework";
			};
			name = Release;
		};
		D147F59A243A5B400075AA60 /* Debug */ = {
			isa = XCBuildConfiguration;
			buildSettings = {
				ALWAYS_EMBED_SWIFT_STANDARD_LIBRARIES = YES;
				CODE_SIGN_STYLE = Automatic;
				DEVELOPMENT_TEAM = 2UB568EY4Y;
				INFOPLIST_FILE = "Zipz FrameworkUITests/Info.plist";
				LD_RUNPATH_SEARCH_PATHS = (
					"$(inherited)",
					"@executable_path/Frameworks",
					"@loader_path/Frameworks",
				);
				PRODUCT_BUNDLE_IDENTIFIER = "app.zipz.Zipz-FrameworkUITests";
				PRODUCT_NAME = "$(TARGET_NAME)";
				SWIFT_VERSION = 5.0;
				TARGETED_DEVICE_FAMILY = "1,2";
				TEST_TARGET_NAME = "Zipz Framework";
			};
			name = Debug;
		};
		D147F59B243A5B400075AA60 /* Release */ = {
			isa = XCBuildConfiguration;
			buildSettings = {
				ALWAYS_EMBED_SWIFT_STANDARD_LIBRARIES = YES;
				CODE_SIGN_STYLE = Automatic;
				DEVELOPMENT_TEAM = 2UB568EY4Y;
				INFOPLIST_FILE = "Zipz FrameworkUITests/Info.plist";
				LD_RUNPATH_SEARCH_PATHS = (
					"$(inherited)",
					"@executable_path/Frameworks",
					"@loader_path/Frameworks",
				);
				PRODUCT_BUNDLE_IDENTIFIER = "app.zipz.Zipz-FrameworkUITests";
				PRODUCT_NAME = "$(TARGET_NAME)";
				SWIFT_VERSION = 5.0;
				TARGETED_DEVICE_FAMILY = "1,2";
				TEST_TARGET_NAME = "Zipz Framework";
			};
			name = Release;
		};
		D1A3B8F324EADC2C00D2B0B8 /* Debug */ = {
			isa = XCBuildConfiguration;
			buildSettings = {
				CODE_SIGN_STYLE = Automatic;
				CURRENT_PROJECT_VERSION = 1;
				DEFINES_MODULE = YES;
				DEVELOPMENT_TEAM = 2W4R999L7M;
				DYLIB_COMPATIBILITY_VERSION = 1;
				DYLIB_CURRENT_VERSION = 1;
				DYLIB_INSTALL_NAME_BASE = "@rpath";
				INFOPLIST_FILE = ZipzSDK/Info.plist;
				INSTALL_PATH = "$(LOCAL_LIBRARY_DIR)/Frameworks";
				IPHONEOS_DEPLOYMENT_TARGET = 12.4;
				LD_RUNPATH_SEARCH_PATHS = (
					"$(inherited)",
					"@executable_path/Frameworks",
					"@loader_path/Frameworks",
				);
				PRODUCT_BUNDLE_IDENTIFIER = app.zipz.ZipzSDK;
				PRODUCT_NAME = "$(TARGET_NAME:c99extidentifier)";
				SKIP_INSTALL = YES;
				SUPPORTS_MACCATALYST = NO;
				SWIFT_VERSION = 5.0;
				TARGETED_DEVICE_FAMILY = "1,2";
				VERSIONING_SYSTEM = "apple-generic";
				VERSION_INFO_PREFIX = "";
			};
			name = Debug;
		};
		D1A3B8F424EADC2C00D2B0B8 /* Release */ = {
			isa = XCBuildConfiguration;
			buildSettings = {
				CODE_SIGN_STYLE = Automatic;
				CURRENT_PROJECT_VERSION = 1;
				DEFINES_MODULE = YES;
				DEVELOPMENT_TEAM = 2W4R999L7M;
				DYLIB_COMPATIBILITY_VERSION = 1;
				DYLIB_CURRENT_VERSION = 1;
				DYLIB_INSTALL_NAME_BASE = "@rpath";
				INFOPLIST_FILE = ZipzSDK/Info.plist;
				INSTALL_PATH = "$(LOCAL_LIBRARY_DIR)/Frameworks";
				IPHONEOS_DEPLOYMENT_TARGET = 12.4;
				LD_RUNPATH_SEARCH_PATHS = (
					"$(inherited)",
					"@executable_path/Frameworks",
					"@loader_path/Frameworks",
				);
				PRODUCT_BUNDLE_IDENTIFIER = app.zipz.ZipzSDK;
				PRODUCT_NAME = "$(TARGET_NAME:c99extidentifier)";
				SKIP_INSTALL = YES;
				SUPPORTS_MACCATALYST = NO;
				SWIFT_VERSION = 5.0;
				TARGETED_DEVICE_FAMILY = "1,2";
				VERSIONING_SYSTEM = "apple-generic";
				VERSION_INFO_PREFIX = "";
			};
			name = Release;
		};
		D1A3B8F624EADC2C00D2B0B8 /* Debug */ = {
			isa = XCBuildConfiguration;
			buildSettings = {
				CODE_SIGN_STYLE = Automatic;
				DEVELOPMENT_TEAM = 2W4R999L7M;
				INFOPLIST_FILE = ZipzSDKTests/Info.plist;
				IPHONEOS_DEPLOYMENT_TARGET = 13.6;
				LD_RUNPATH_SEARCH_PATHS = (
					"$(inherited)",
					"@executable_path/Frameworks",
					"@loader_path/Frameworks",
				);
				PRODUCT_BUNDLE_IDENTIFIER = app.zipz.ZipzSDKTests;
				PRODUCT_NAME = "$(TARGET_NAME)";
				SWIFT_VERSION = 5.0;
				TARGETED_DEVICE_FAMILY = "1,2";
			};
			name = Debug;
		};
		D1A3B8F724EADC2C00D2B0B8 /* Release */ = {
			isa = XCBuildConfiguration;
			buildSettings = {
				CODE_SIGN_STYLE = Automatic;
				DEVELOPMENT_TEAM = 2W4R999L7M;
				INFOPLIST_FILE = ZipzSDKTests/Info.plist;
				IPHONEOS_DEPLOYMENT_TARGET = 13.6;
				LD_RUNPATH_SEARCH_PATHS = (
					"$(inherited)",
					"@executable_path/Frameworks",
					"@loader_path/Frameworks",
				);
				PRODUCT_BUNDLE_IDENTIFIER = app.zipz.ZipzSDKTests;
				PRODUCT_NAME = "$(TARGET_NAME)";
				SWIFT_VERSION = 5.0;
				TARGETED_DEVICE_FAMILY = "1,2";
			};
			name = Release;
		};
/* End XCBuildConfiguration section */

/* Begin XCConfigurationList section */
		D147F561243A5B3D0075AA60 /* Build configuration list for PBXProject "Zipz Framework" */ = {
			isa = XCConfigurationList;
			buildConfigurations = (
				D147F591243A5B400075AA60 /* Debug */,
				D147F592243A5B400075AA60 /* Release */,
			);
			defaultConfigurationIsVisible = 0;
			defaultConfigurationName = Release;
		};
		D147F593243A5B400075AA60 /* Build configuration list for PBXNativeTarget "Zipz Framework" */ = {
			isa = XCConfigurationList;
			buildConfigurations = (
				D147F594243A5B400075AA60 /* Debug */,
				D147F595243A5B400075AA60 /* Release */,
			);
			defaultConfigurationIsVisible = 0;
			defaultConfigurationName = Release;
		};
		D147F596243A5B400075AA60 /* Build configuration list for PBXNativeTarget "Zipz FrameworkTests" */ = {
			isa = XCConfigurationList;
			buildConfigurations = (
				D147F597243A5B400075AA60 /* Debug */,
				D147F598243A5B400075AA60 /* Release */,
			);
			defaultConfigurationIsVisible = 0;
			defaultConfigurationName = Release;
		};
		D147F599243A5B400075AA60 /* Build configuration list for PBXNativeTarget "Zipz FrameworkUITests" */ = {
			isa = XCConfigurationList;
			buildConfigurations = (
				D147F59A243A5B400075AA60 /* Debug */,
				D147F59B243A5B400075AA60 /* Release */,
			);
			defaultConfigurationIsVisible = 0;
			defaultConfigurationName = Release;
		};
		D1A3B8F224EADC2C00D2B0B8 /* Build configuration list for PBXNativeTarget "ZipzSDK" */ = {
			isa = XCConfigurationList;
			buildConfigurations = (
				D1A3B8F324EADC2C00D2B0B8 /* Debug */,
				D1A3B8F424EADC2C00D2B0B8 /* Release */,
			);
			defaultConfigurationIsVisible = 0;
			defaultConfigurationName = Release;
		};
		D1A3B8F524EADC2C00D2B0B8 /* Build configuration list for PBXNativeTarget "ZipzSDKTests" */ = {
			isa = XCConfigurationList;
			buildConfigurations = (
				D1A3B8F624EADC2C00D2B0B8 /* Debug */,
				D1A3B8F724EADC2C00D2B0B8 /* Release */,
			);
			defaultConfigurationIsVisible = 0;
			defaultConfigurationName = Release;
		};
/* End XCConfigurationList section */

/* Begin XCVersionGroup section */
		D1CEF11424E30AB600D12E7B /* Zipz_Framework.xcdatamodeld */ = {
			isa = XCVersionGroup;
			children = (
				D1CEF11524E30AB600D12E7B /* Zipz_Framework.xcdatamodel */,
			);
			currentVersion = D1CEF11524E30AB600D12E7B /* Zipz_Framework.xcdatamodel */;
			path = Zipz_Framework.xcdatamodeld;
			sourceTree = "<group>";
			versionGroupType = wrapper.xcdatamodel;
		};
/* End XCVersionGroup section */
	};
	rootObject = D147F55E243A5B3D0075AA60 /* Project object */;
}
