// !$*UTF8*$!
{
	archiveVersion = 1;
	classes = {
	};
	objectVersion = 50;
	objects = {

/* Begin PBXBuildFile section */
		D147F56A243A5B3D0075AA60 /* AppDelegate.swift in Sources */ = {isa = PBXBuildFile; fileRef = D147F569243A5B3D0075AA60 /* AppDelegate.swift */; };
		D147F56C243A5B3D0075AA60 /* SceneDelegate.swift in Sources */ = {isa = PBXBuildFile; fileRef = D147F56B243A5B3D0075AA60 /* SceneDelegate.swift */; };
		D147F56E243A5B3D0075AA60 /* ViewController.swift in Sources */ = {isa = PBXBuildFile; fileRef = D147F56D243A5B3D0075AA60 /* ViewController.swift */; };
		D147F571243A5B3D0075AA60 /* Main.storyboard in Resources */ = {isa = PBXBuildFile; fileRef = D147F56F243A5B3D0075AA60 /* Main.storyboard */; };
		D147F574243A5B3D0075AA60 /* Zipz_Framework.xcdatamodeld in Sources */ = {isa = PBXBuildFile; fileRef = D147F572243A5B3D0075AA60 /* Zipz_Framework.xcdatamodeld */; };
		D147F576243A5B400075AA60 /* Assets.xcassets in Resources */ = {isa = PBXBuildFile; fileRef = D147F575243A5B400075AA60 /* Assets.xcassets */; };
		D147F579243A5B400075AA60 /* LaunchScreen.storyboard in Resources */ = {isa = PBXBuildFile; fileRef = D147F577243A5B400075AA60 /* LaunchScreen.storyboard */; };
		D147F584243A5B400075AA60 /* Zipz_FrameworkTests.swift in Sources */ = {isa = PBXBuildFile; fileRef = D147F583243A5B400075AA60 /* Zipz_FrameworkTests.swift */; };
		D147F58F243A5B400075AA60 /* Zipz_FrameworkUITests.swift in Sources */ = {isa = PBXBuildFile; fileRef = D147F58E243A5B400075AA60 /* Zipz_FrameworkUITests.swift */; };
/* End PBXBuildFile section */

/* Begin PBXContainerItemProxy section */
		D147F580243A5B400075AA60 /* PBXContainerItemProxy */ = {
			isa = PBXContainerItemProxy;
			containerPortal = D147F55E243A5B3D0075AA60 /* Project object */;
			proxyType = 1;
			remoteGlobalIDString = D147F565243A5B3D0075AA60;
			remoteInfo = "Zipz Framework";
		};
		D147F58B243A5B400075AA60 /* PBXContainerItemProxy */ = {
			isa = PBXContainerItemProxy;
			containerPortal = D147F55E243A5B3D0075AA60 /* Project object */;
			proxyType = 1;
			remoteGlobalIDString = D147F565243A5B3D0075AA60;
			remoteInfo = "Zipz Framework";
		};
/* End PBXContainerItemProxy section */

/* Begin PBXFileReference section */
		D147F566243A5B3D0075AA60 /* Zipz Framework.app */ = {isa = PBXFileReference; explicitFileType = wrapper.application; includeInIndex = 0; path = "Zipz Framework.app"; sourceTree = BUILT_PRODUCTS_DIR; };
		D147F569243A5B3D0075AA60 /* AppDelegate.swift */ = {isa = PBXFileReference; lastKnownFileType = sourcecode.swift; path = AppDelegate.swift; sourceTree = "<group>"; };
		D147F56B243A5B3D0075AA60 /* SceneDelegate.swift */ = {isa = PBXFileReference; lastKnownFileType = sourcecode.swift; path = SceneDelegate.swift; sourceTree = "<group>"; };
		D147F56D243A5B3D0075AA60 /* ViewController.swift */ = {isa = PBXFileReference; lastKnownFileType = sourcecode.swift; path = ViewController.swift; sourceTree = "<group>"; };
		D147F570243A5B3D0075AA60 /* Base */ = {isa = PBXFileReference; lastKnownFileType = file.storyboard; name = Base; path = Base.lproj/Main.storyboard; sourceTree = "<group>"; };
		D147F573243A5B3D0075AA60 /* Zipz_Framework.xcdatamodel */ = {isa = PBXFileReference; lastKnownFileType = wrapper.xcdatamodel; path = Zipz_Framework.xcdatamodel; sourceTree = "<group>"; };
		D147F575243A5B400075AA60 /* Assets.xcassets */ = {isa = PBXFileReference; lastKnownFileType = folder.assetcatalog; path = Assets.xcassets; sourceTree = "<group>"; };
		D147F578243A5B400075AA60 /* Base */ = {isa = PBXFileReference; lastKnownFileType = file.storyboard; name = Base; path = Base.lproj/LaunchScreen.storyboard; sourceTree = "<group>"; };
		D147F57A243A5B400075AA60 /* Info.plist */ = {isa = PBXFileReference; lastKnownFileType = text.plist.xml; path = Info.plist; sourceTree = "<group>"; };
		D147F57F243A5B400075AA60 /* Zipz FrameworkTests.xctest */ = {isa = PBXFileReference; explicitFileType = wrapper.cfbundle; includeInIndex = 0; path = "Zipz FrameworkTests.xctest"; sourceTree = BUILT_PRODUCTS_DIR; };
		D147F583243A5B400075AA60 /* Zipz_FrameworkTests.swift */ = {isa = PBXFileReference; lastKnownFileType = sourcecode.swift; path = Zipz_FrameworkTests.swift; sourceTree = "<group>"; };
		D147F585243A5B400075AA60 /* Info.plist */ = {isa = PBXFileReference; lastKnownFileType = text.plist.xml; path = Info.plist; sourceTree = "<group>"; };
		D147F58A243A5B400075AA60 /* Zipz FrameworkUITests.xctest */ = {isa = PBXFileReference; explicitFileType = wrapper.cfbundle; includeInIndex = 0; path = "Zipz FrameworkUITests.xctest"; sourceTree = BUILT_PRODUCTS_DIR; };
		D147F58E243A5B400075AA60 /* Zipz_FrameworkUITests.swift */ = {isa = PBXFileReference; lastKnownFileType = sourcecode.swift; path = Zipz_FrameworkUITests.swift; sourceTree = "<group>"; };
		D147F590243A5B400075AA60 /* Info.plist */ = {isa = PBXFileReference; lastKnownFileType = text.plist.xml; path = Info.plist; sourceTree = "<group>"; };
/* End PBXFileReference section */

/* Begin PBXFrameworksBuildPhase section */
		D147F563243A5B3D0075AA60 /* Frameworks */ = {
			isa = PBXFrameworksBuildPhase;
			buildActionMask = 2147483647;
			files = (
			);
			runOnlyForDeploymentPostprocessing = 0;
		};
		D147F57C243A5B400075AA60 /* Frameworks */ = {
			isa = PBXFrameworksBuildPhase;
			buildActionMask = 2147483647;
			files = (
			);
			runOnlyForDeploymentPostprocessing = 0;
		};
		D147F587243A5B400075AA60 /* Frameworks */ = {
			isa = PBXFrameworksBuildPhase;
			buildActionMask = 2147483647;
			files = (
			);
			runOnlyForDeploymentPostprocessing = 0;
		};
/* End PBXFrameworksBuildPhase section */

/* Begin PBXGroup section */
		D147F55D243A5B3D0075AA60 = {
			isa = PBXGroup;
			children = (
				D147F568243A5B3D0075AA60 /* Zipz Framework */,
				D147F582243A5B400075AA60 /* Zipz FrameworkTests */,
				D147F58D243A5B400075AA60 /* Zipz FrameworkUITests */,
				D147F567243A5B3D0075AA60 /* Products */,
			);
			sourceTree = "<group>";
		};
		D147F567243A5B3D0075AA60 /* Products */ = {
			isa = PBXGroup;
			children = (
				D147F566243A5B3D0075AA60 /* Zipz Framework.app */,
				D147F57F243A5B400075AA60 /* Zipz FrameworkTests.xctest */,
				D147F58A243A5B400075AA60 /* Zipz FrameworkUITests.xctest */,
			);
			name = Products;
			sourceTree = "<group>";
		};
		D147F568243A5B3D0075AA60 /* Zipz Framework */ = {
			isa = PBXGroup;
			children = (
				D147F569243A5B3D0075AA60 /* AppDelegate.swift */,
				D147F56B243A5B3D0075AA60 /* SceneDelegate.swift */,
				D147F56D243A5B3D0075AA60 /* ViewController.swift */,
				D147F56F243A5B3D0075AA60 /* Main.storyboard */,
				D147F575243A5B400075AA60 /* Assets.xcassets */,
				D147F577243A5B400075AA60 /* LaunchScreen.storyboard */,
				D147F57A243A5B400075AA60 /* Info.plist */,
				D147F572243A5B3D0075AA60 /* Zipz_Framework.xcdatamodeld */,
			);
			path = "Zipz Framework";
			sourceTree = "<group>";
		};
		D147F582243A5B400075AA60 /* Zipz FrameworkTests */ = {
			isa = PBXGroup;
			children = (
				D147F583243A5B400075AA60 /* Zipz_FrameworkTests.swift */,
				D147F585243A5B400075AA60 /* Info.plist */,
			);
			path = "Zipz FrameworkTests";
			sourceTree = "<group>";
		};
		D147F58D243A5B400075AA60 /* Zipz FrameworkUITests */ = {
			isa = PBXGroup;
			children = (
				D147F58E243A5B400075AA60 /* Zipz_FrameworkUITests.swift */,
				D147F590243A5B400075AA60 /* Info.plist */,
			);
			path = "Zipz FrameworkUITests";
			sourceTree = "<group>";
		};
/* End PBXGroup section */

/* Begin PBXNativeTarget section */
		D147F565243A5B3D0075AA60 /* Zipz Framework */ = {
			isa = PBXNativeTarget;
			buildConfigurationList = D147F593243A5B400075AA60 /* Build configuration list for PBXNativeTarget "Zipz Framework" */;
			buildPhases = (
				D147F562243A5B3D0075AA60 /* Sources */,
				D147F563243A5B3D0075AA60 /* Frameworks */,
				D147F564243A5B3D0075AA60 /* Resources */,
			);
			buildRules = (
			);
			dependencies = (
			);
			name = "Zipz Framework";
			productName = "Zipz Framework";
			productReference = D147F566243A5B3D0075AA60 /* Zipz Framework.app */;
			productType = "com.apple.product-type.application";
		};
		D147F57E243A5B400075AA60 /* Zipz FrameworkTests */ = {
			isa = PBXNativeTarget;
			buildConfigurationList = D147F596243A5B400075AA60 /* Build configuration list for PBXNativeTarget "Zipz FrameworkTests" */;
			buildPhases = (
				D147F57B243A5B400075AA60 /* Sources */,
				D147F57C243A5B400075AA60 /* Frameworks */,
				D147F57D243A5B400075AA60 /* Resources */,
			);
			buildRules = (
			);
			dependencies = (
				D147F581243A5B400075AA60 /* PBXTargetDependency */,
			);
			name = "Zipz FrameworkTests";
			productName = "Zipz FrameworkTests";
			productReference = D147F57F243A5B400075AA60 /* Zipz FrameworkTests.xctest */;
			productType = "com.apple.product-type.bundle.unit-test";
		};
		D147F589243A5B400075AA60 /* Zipz FrameworkUITests */ = {
			isa = PBXNativeTarget;
			buildConfigurationList = D147F599243A5B400075AA60 /* Build configuration list for PBXNativeTarget "Zipz FrameworkUITests" */;
			buildPhases = (
				D147F586243A5B400075AA60 /* Sources */,
				D147F587243A5B400075AA60 /* Frameworks */,
				D147F588243A5B400075AA60 /* Resources */,
			);
			buildRules = (
			);
			dependencies = (
				D147F58C243A5B400075AA60 /* PBXTargetDependency */,
			);
			name = "Zipz FrameworkUITests";
			productName = "Zipz FrameworkUITests";
			productReference = D147F58A243A5B400075AA60 /* Zipz FrameworkUITests.xctest */;
			productType = "com.apple.product-type.bundle.ui-testing";
		};
/* End PBXNativeTarget section */

/* Begin PBXProject section */
		D147F55E243A5B3D0075AA60 /* Project object */ = {
			isa = PBXProject;
			attributes = {
				LastSwiftUpdateCheck = 1140;
				LastUpgradeCheck = 1140;
				ORGANIZATIONNAME = Aware;
				TargetAttributes = {
					D147F565243A5B3D0075AA60 = {
						CreatedOnToolsVersion = 11.4;
					};
					D147F57E243A5B400075AA60 = {
						CreatedOnToolsVersion = 11.4;
						TestTargetID = D147F565243A5B3D0075AA60;
					};
					D147F589243A5B400075AA60 = {
						CreatedOnToolsVersion = 11.4;
						TestTargetID = D147F565243A5B3D0075AA60;
					};
				};
			};
			buildConfigurationList = D147F561243A5B3D0075AA60 /* Build configuration list for PBXProject "Zipz Framework" */;
			compatibilityVersion = "Xcode 9.3";
			developmentRegion = en;
			hasScannedForEncodings = 0;
			knownRegions = (
				en,
				Base,
			);
			mainGroup = D147F55D243A5B3D0075AA60;
			productRefGroup = D147F567243A5B3D0075AA60 /* Products */;
			projectDirPath = "";
			projectRoot = "";
			targets = (
				D147F565243A5B3D0075AA60 /* Zipz Framework */,
				D147F57E243A5B400075AA60 /* Zipz FrameworkTests */,
				D147F589243A5B400075AA60 /* Zipz FrameworkUITests */,
			);
		};
/* End PBXProject section */

/* Begin PBXResourcesBuildPhase section */
		D147F564243A5B3D0075AA60 /* Resources */ = {
			isa = PBXResourcesBuildPhase;
			buildActionMask = 2147483647;
			files = (
				D147F579243A5B400075AA60 /* LaunchScreen.storyboard in Resources */,
				D147F576243A5B400075AA60 /* Assets.xcassets in Resources */,
				D147F571243A5B3D0075AA60 /* Main.storyboard in Resources */,
			);
			runOnlyForDeploymentPostprocessing = 0;
		};
		D147F57D243A5B400075AA60 /* Resources */ = {
			isa = PBXResourcesBuildPhase;
			buildActionMask = 2147483647;
			files = (
			);
			runOnlyForDeploymentPostprocessing = 0;
		};
		D147F588243A5B400075AA60 /* Resources */ = {
			isa = PBXResourcesBuildPhase;
			buildActionMask = 2147483647;
			files = (
			);
			runOnlyForDeploymentPostprocessing = 0;
		};
/* End PBXResourcesBuildPhase section */

/* Begin PBXSourcesBuildPhase section */
		D147F562243A5B3D0075AA60 /* Sources */ = {
			isa = PBXSourcesBuildPhase;
			buildActionMask = 2147483647;
			files = (
				D147F56E243A5B3D0075AA60 /* ViewController.swift in Sources */,
				D147F574243A5B3D0075AA60 /* Zipz_Framework.xcdatamodeld in Sources */,
				D147F56A243A5B3D0075AA60 /* AppDelegate.swift in Sources */,
				D147F56C243A5B3D0075AA60 /* SceneDelegate.swift in Sources */,
			);
			runOnlyForDeploymentPostprocessing = 0;
		};
		D147F57B243A5B400075AA60 /* Sources */ = {
			isa = PBXSourcesBuildPhase;
			buildActionMask = 2147483647;
			files = (
				D147F584243A5B400075AA60 /* Zipz_FrameworkTests.swift in Sources */,
			);
			runOnlyForDeploymentPostprocessing = 0;
		};
		D147F586243A5B400075AA60 /* Sources */ = {
			isa = PBXSourcesBuildPhase;
			buildActionMask = 2147483647;
			files = (
				D147F58F243A5B400075AA60 /* Zipz_FrameworkUITests.swift in Sources */,
			);
			runOnlyForDeploymentPostprocessing = 0;
		};
/* End PBXSourcesBuildPhase section */

/* Begin PBXTargetDependency section */
		D147F581243A5B400075AA60 /* PBXTargetDependency */ = {
			isa = PBXTargetDependency;
			target = D147F565243A5B3D0075AA60 /* Zipz Framework */;
			targetProxy = D147F580243A5B400075AA60 /* PBXContainerItemProxy */;
		};
		D147F58C243A5B400075AA60 /* PBXTargetDependency */ = {
			isa = PBXTargetDependency;
			target = D147F565243A5B3D0075AA60 /* Zipz Framework */;
			targetProxy = D147F58B243A5B400075AA60 /* PBXContainerItemProxy */;
		};
/* End PBXTargetDependency section */

/* Begin PBXVariantGroup section */
		D147F56F243A5B3D0075AA60 /* Main.storyboard */ = {
			isa = PBXVariantGroup;
			children = (
				D147F570243A5B3D0075AA60 /* Base */,
			);
			name = Main.storyboard;
			sourceTree = "<group>";
		};
		D147F577243A5B400075AA60 /* LaunchScreen.storyboard */ = {
			isa = PBXVariantGroup;
			children = (
				D147F578243A5B400075AA60 /* Base */,
			);
			name = LaunchScreen.storyboard;
			sourceTree = "<group>";
		};
/* End PBXVariantGroup section */

/* Begin XCBuildConfiguration section */
		D147F591243A5B400075AA60 /* Debug */ = {
			isa = XCBuildConfiguration;
			buildSettings = {
				ALWAYS_SEARCH_USER_PATHS = NO;
				CLANG_ANALYZER_NONNULL = YES;
				CLANG_ANALYZER_NUMBER_OBJECT_CONVERSION = YES_AGGRESSIVE;
				CLANG_CXX_LANGUAGE_STANDARD = "gnu++14";
				CLANG_CXX_LIBRARY = "libc++";
				CLANG_ENABLE_MODULES = YES;
				CLANG_ENABLE_OBJC_ARC = YES;
				CLANG_ENABLE_OBJC_WEAK = YES;
				CLANG_WARN_BLOCK_CAPTURE_AUTORELEASING = YES;
				CLANG_WARN_BOOL_CONVERSION = YES;
				CLANG_WARN_COMMA = YES;
				CLANG_WARN_CONSTANT_CONVERSION = YES;
				CLANG_WARN_DEPRECATED_OBJC_IMPLEMENTATIONS = YES;
				CLANG_WARN_DIRECT_OBJC_ISA_USAGE = YES_ERROR;
				CLANG_WARN_DOCUMENTATION_COMMENTS = YES;
				CLANG_WARN_EMPTY_BODY = YES;
				CLANG_WARN_ENUM_CONVERSION = YES;
				CLANG_WARN_INFINITE_RECURSION = YES;
				CLANG_WARN_INT_CONVERSION = YES;
				CLANG_WARN_NON_LITERAL_NULL_CONVERSION = YES;
				CLANG_WARN_OBJC_IMPLICIT_RETAIN_SELF = YES;
				CLANG_WARN_OBJC_LITERAL_CONVERSION = YES;
				CLANG_WARN_OBJC_ROOT_CLASS = YES_ERROR;
				CLANG_WARN_RANGE_LOOP_ANALYSIS = YES;
				CLANG_WARN_STRICT_PROTOTYPES = YES;
				CLANG_WARN_SUSPICIOUS_MOVE = YES;
				CLANG_WARN_UNGUARDED_AVAILABILITY = YES_AGGRESSIVE;
				CLANG_WARN_UNREACHABLE_CODE = YES;
				CLANG_WARN__DUPLICATE_METHOD_MATCH = YES;
				COPY_PHASE_STRIP = NO;
				DEBUG_INFORMATION_FORMAT = dwarf;
				ENABLE_STRICT_OBJC_MSGSEND = YES;
				ENABLE_TESTABILITY = YES;
				GCC_C_LANGUAGE_STANDARD = gnu11;
				GCC_DYNAMIC_NO_PIC = NO;
				GCC_NO_COMMON_BLOCKS = YES;
				GCC_OPTIMIZATION_LEVEL = 0;
				GCC_PREPROCESSOR_DEFINITIONS = (
					"DEBUG=1",
					"$(inherited)",
				);
				GCC_WARN_64_TO_32_BIT_CONVERSION = YES;
				GCC_WARN_ABOUT_RETURN_TYPE = YES_ERROR;
				GCC_WARN_UNDECLARED_SELECTOR = YES;
				GCC_WARN_UNINITIALIZED_AUTOS = YES_AGGRESSIVE;
				GCC_WARN_UNUSED_FUNCTION = YES;
				GCC_WARN_UNUSED_VARIABLE = YES;
				IPHONEOS_DEPLOYMENT_TARGET = 13.4;
				MTL_ENABLE_DEBUG_INFO = INCLUDE_SOURCE;
				MTL_FAST_MATH = YES;
				ONLY_ACTIVE_ARCH = YES;
				SDKROOT = iphoneos;
				SWIFT_ACTIVE_COMPILATION_CONDITIONS = DEBUG;
				SWIFT_OPTIMIZATION_LEVEL = "-Onone";
			};
			name = Debug;
		};
		D147F592243A5B400075AA60 /* Release */ = {
			isa = XCBuildConfiguration;
			buildSettings = {
				ALWAYS_SEARCH_USER_PATHS = NO;
				CLANG_ANALYZER_NONNULL = YES;
				CLANG_ANALYZER_NUMBER_OBJECT_CONVERSION = YES_AGGRESSIVE;
				CLANG_CXX_LANGUAGE_STANDARD = "gnu++14";
				CLANG_CXX_LIBRARY = "libc++";
				CLANG_ENABLE_MODULES = YES;
				CLANG_ENABLE_OBJC_ARC = YES;
				CLANG_ENABLE_OBJC_WEAK = YES;
				CLANG_WARN_BLOCK_CAPTURE_AUTORELEASING = YES;
				CLANG_WARN_BOOL_CONVERSION = YES;
				CLANG_WARN_COMMA = YES;
				CLANG_WARN_CONSTANT_CONVERSION = YES;
				CLANG_WARN_DEPRECATED_OBJC_IMPLEMENTATIONS = YES;
				CLANG_WARN_DIRECT_OBJC_ISA_USAGE = YES_ERROR;
				CLANG_WARN_DOCUMENTATION_COMMENTS = YES;
				CLANG_WARN_EMPTY_BODY = YES;
				CLANG_WARN_ENUM_CONVERSION = YES;
				CLANG_WARN_INFINITE_RECURSION = YES;
				CLANG_WARN_INT_CONVERSION = YES;
				CLANG_WARN_NON_LITERAL_NULL_CONVERSION = YES;
				CLANG_WARN_OBJC_IMPLICIT_RETAIN_SELF = YES;
				CLANG_WARN_OBJC_LITERAL_CONVERSION = YES;
				CLANG_WARN_OBJC_ROOT_CLASS = YES_ERROR;
				CLANG_WARN_RANGE_LOOP_ANALYSIS = YES;
				CLANG_WARN_STRICT_PROTOTYPES = YES;
				CLANG_WARN_SUSPICIOUS_MOVE = YES;
				CLANG_WARN_UNGUARDED_AVAILABILITY = YES_AGGRESSIVE;
				CLANG_WARN_UNREACHABLE_CODE = YES;
				CLANG_WARN__DUPLICATE_METHOD_MATCH = YES;
				COPY_PHASE_STRIP = NO;
				DEBUG_INFORMATION_FORMAT = "dwarf-with-dsym";
				ENABLE_NS_ASSERTIONS = NO;
				ENABLE_STRICT_OBJC_MSGSEND = YES;
				GCC_C_LANGUAGE_STANDARD = gnu11;
				GCC_NO_COMMON_BLOCKS = YES;
				GCC_WARN_64_TO_32_BIT_CONVERSION = YES;
				GCC_WARN_ABOUT_RETURN_TYPE = YES_ERROR;
				GCC_WARN_UNDECLARED_SELECTOR = YES;
				GCC_WARN_UNINITIALIZED_AUTOS = YES_AGGRESSIVE;
				GCC_WARN_UNUSED_FUNCTION = YES;
				GCC_WARN_UNUSED_VARIABLE = YES;
				IPHONEOS_DEPLOYMENT_TARGET = 13.4;
				MTL_ENABLE_DEBUG_INFO = NO;
				MTL_FAST_MATH = YES;
				SDKROOT = iphoneos;
				SWIFT_COMPILATION_MODE = wholemodule;
				SWIFT_OPTIMIZATION_LEVEL = "-O";
				VALIDATE_PRODUCT = YES;
			};
			name = Release;
		};
		D147F594243A5B400075AA60 /* Debug */ = {
			isa = XCBuildConfiguration;
			buildSettings = {
				ASSETCATALOG_COMPILER_APPICON_NAME = AppIcon;
				CODE_SIGN_STYLE = Automatic;
				DEVELOPMENT_TEAM = 2UB568EY4Y;
				INFOPLIST_FILE = "Zipz Framework/Info.plist";
				LD_RUNPATH_SEARCH_PATHS = (
					"$(inherited)",
					"@executable_path/Frameworks",
				);
				PRODUCT_BUNDLE_IDENTIFIER = "app.zipz.Zipz-Framework";
				PRODUCT_NAME = "$(TARGET_NAME)";
				SWIFT_VERSION = 5.0;
				TARGETED_DEVICE_FAMILY = "1,2";
			};
			name = Debug;
		};
		D147F595243A5B400075AA60 /* Release */ = {
			isa = XCBuildConfiguration;
			buildSettings = {
				ASSETCATALOG_COMPILER_APPICON_NAME = AppIcon;
				CODE_SIGN_STYLE = Automatic;
				DEVELOPMENT_TEAM = 2UB568EY4Y;
				INFOPLIST_FILE = "Zipz Framework/Info.plist";
				LD_RUNPATH_SEARCH_PATHS = (
					"$(inherited)",
					"@executable_path/Frameworks",
				);
				PRODUCT_BUNDLE_IDENTIFIER = "app.zipz.Zipz-Framework";
				PRODUCT_NAME = "$(TARGET_NAME)";
				SWIFT_VERSION = 5.0;
				TARGETED_DEVICE_FAMILY = "1,2";
			};
			name = Release;
		};
		D147F597243A5B400075AA60 /* Debug */ = {
			isa = XCBuildConfiguration;
			buildSettings = {
				ALWAYS_EMBED_SWIFT_STANDARD_LIBRARIES = YES;
				BUNDLE_LOADER = "$(TEST_HOST)";
				CODE_SIGN_STYLE = Automatic;
				DEVELOPMENT_TEAM = 2UB568EY4Y;
				INFOPLIST_FILE = "Zipz FrameworkTests/Info.plist";
				IPHONEOS_DEPLOYMENT_TARGET = 13.4;
				LD_RUNPATH_SEARCH_PATHS = (
					"$(inherited)",
					"@executable_path/Frameworks",
					"@loader_path/Frameworks",
				);
				PRODUCT_BUNDLE_IDENTIFIER = "app.zipz.Zipz-FrameworkTests";
				PRODUCT_NAME = "$(TARGET_NAME)";
				SWIFT_VERSION = 5.0;
				TARGETED_DEVICE_FAMILY = "1,2";
				TEST_HOST = "$(BUILT_PRODUCTS_DIR)/Zipz Framework.app/Zipz Framework";
			};
			name = Debug;
		};
		D147F598243A5B400075AA60 /* Release */ = {
			isa = XCBuildConfiguration;
			buildSettings = {
				ALWAYS_EMBED_SWIFT_STANDARD_LIBRARIES = YES;
				BUNDLE_LOADER = "$(TEST_HOST)";
				CODE_SIGN_STYLE = Automatic;
				DEVELOPMENT_TEAM = 2UB568EY4Y;
				INFOPLIST_FILE = "Zipz FrameworkTests/Info.plist";
				IPHONEOS_DEPLOYMENT_TARGET = 13.4;
				LD_RUNPATH_SEARCH_PATHS = (
					"$(inherited)",
					"@executable_path/Frameworks",
					"@loader_path/Frameworks",
				);
				PRODUCT_BUNDLE_IDENTIFIER = "app.zipz.Zipz-FrameworkTests";
				PRODUCT_NAME = "$(TARGET_NAME)";
				SWIFT_VERSION = 5.0;
				TARGETED_DEVICE_FAMILY = "1,2";
				TEST_HOST = "$(BUILT_PRODUCTS_DIR)/Zipz Framework.app/Zipz Framework";
			};
			name = Release;
		};
		D147F59A243A5B400075AA60 /* Debug */ = {
			isa = XCBuildConfiguration;
			buildSettings = {
				ALWAYS_EMBED_SWIFT_STANDARD_LIBRARIES = YES;
				CODE_SIGN_STYLE = Automatic;
				DEVELOPMENT_TEAM = 2UB568EY4Y;
				INFOPLIST_FILE = "Zipz FrameworkUITests/Info.plist";
				LD_RUNPATH_SEARCH_PATHS = (
					"$(inherited)",
					"@executable_path/Frameworks",
					"@loader_path/Frameworks",
				);
				PRODUCT_BUNDLE_IDENTIFIER = "app.zipz.Zipz-FrameworkUITests";
				PRODUCT_NAME = "$(TARGET_NAME)";
				SWIFT_VERSION = 5.0;
				TARGETED_DEVICE_FAMILY = "1,2";
				TEST_TARGET_NAME = "Zipz Framework";
			};
			name = Debug;
		};
		D147F59B243A5B400075AA60 /* Release */ = {
			isa = XCBuildConfiguration;
			buildSettings = {
				ALWAYS_EMBED_SWIFT_STANDARD_LIBRARIES = YES;
				CODE_SIGN_STYLE = Automatic;
				DEVELOPMENT_TEAM = 2UB568EY4Y;
				INFOPLIST_FILE = "Zipz FrameworkUITests/Info.plist";
				LD_RUNPATH_SEARCH_PATHS = (
					"$(inherited)",
					"@executable_path/Frameworks",
					"@loader_path/Frameworks",
				);
				PRODUCT_BUNDLE_IDENTIFIER = "app.zipz.Zipz-FrameworkUITests";
				PRODUCT_NAME = "$(TARGET_NAME)";
				SWIFT_VERSION = 5.0;
				TARGETED_DEVICE_FAMILY = "1,2";
				TEST_TARGET_NAME = "Zipz Framework";
			};
			name = Release;
		};
/* End XCBuildConfiguration section */

/* Begin XCConfigurationList section */
		D147F561243A5B3D0075AA60 /* Build configuration list for PBXProject "Zipz Framework" */ = {
			isa = XCConfigurationList;
			buildConfigurations = (
				D147F591243A5B400075AA60 /* Debug */,
				D147F592243A5B400075AA60 /* Release */,
			);
			defaultConfigurationIsVisible = 0;
			defaultConfigurationName = Release;
		};
		D147F593243A5B400075AA60 /* Build configuration list for PBXNativeTarget "Zipz Framework" */ = {
			isa = XCConfigurationList;
			buildConfigurations = (
				D147F594243A5B400075AA60 /* Debug */,
				D147F595243A5B400075AA60 /* Release */,
			);
			defaultConfigurationIsVisible = 0;
			defaultConfigurationName = Release;
		};
		D147F596243A5B400075AA60 /* Build configuration list for PBXNativeTarget "Zipz FrameworkTests" */ = {
			isa = XCConfigurationList;
			buildConfigurations = (
				D147F597243A5B400075AA60 /* Debug */,
				D147F598243A5B400075AA60 /* Release */,
			);
			defaultConfigurationIsVisible = 0;
			defaultConfigurationName = Release;
		};
		D147F599243A5B400075AA60 /* Build configuration list for PBXNativeTarget "Zipz FrameworkUITests" */ = {
			isa = XCConfigurationList;
			buildConfigurations = (
				D147F59A243A5B400075AA60 /* Debug */,
				D147F59B243A5B400075AA60 /* Release */,
			);
			defaultConfigurationIsVisible = 0;
			defaultConfigurationName = Release;
		};
/* End XCConfigurationList section */

/* Begin XCVersionGroup section */
		D147F572243A5B3D0075AA60 /* Zipz_Framework.xcdatamodeld */ = {
			isa = XCVersionGroup;
			children = (
				D147F573243A5B3D0075AA60 /* Zipz_Framework.xcdatamodel */,
			);
			currentVersion = D147F573243A5B3D0075AA60 /* Zipz_Framework.xcdatamodel */;
			path = Zipz_Framework.xcdatamodeld;
			sourceTree = "<group>";
			versionGroupType = wrapper.xcdatamodel;
		};
/* End XCVersionGroup section */
	};
	rootObject = D147F55E243A5B3D0075AA60 /* Project object */;
}
